{
    "version": 3,
    "terraform_version": "0.11.7",
    "serial": 23,
    "lineage": "3a6d3c8f-52f7-5439-e7ae-27723c549318",
    "modules": [
        {
            "path": [
                "root"
            ],
            "outputs": {},
            "resources": {
                "aws_route53_record.cm": {
                    "type": "aws_route53_record",
                    "depends_on": [
                        "openstack_compute_instance_v2.test-cm"
                    ],
                    "primary": {
                        "id": "Z3BOXJYLR7ZV7D_manager01.condor.usegalaxy.eu_A",
                        "attributes": {
                            "allow_overwrite": "true",
                            "fqdn": "manager01.condor.usegalaxy.eu",
                            "health_check_id": "",
                            "id": "Z3BOXJYLR7ZV7D_manager01.condor.usegalaxy.eu_A",
                            "name": "manager01.condor.usegalaxy.eu",
                            "records.#": "1",
                            "records.500529976": "10.5.68.220",
                            "set_identifier": "",
                            "ttl": "300",
                            "type": "A",
                            "zone_id": "Z3BOXJYLR7ZV7D"
                        },
                        "meta": {
                            "schema_version": "2"
                        },
                        "tainted": false
                    },
                    "deposed": [],
                    "provider": "provider.aws"
                },
                "aws_route53_record.cm-alt": {
                    "type": "aws_route53_record",
                    "depends_on": [
                        "openstack_compute_instance_v2.test-cm-alt"
                    ],
                    "primary": {
                        "id": "Z3BOXJYLR7ZV7D_manager02.condor.usegalaxy.eu_A",
                        "attributes": {
                            "allow_overwrite": "true",
                            "fqdn": "manager02.condor.usegalaxy.eu",
                            "health_check_id": "",
                            "id": "Z3BOXJYLR7ZV7D_manager02.condor.usegalaxy.eu_A",
                            "name": "manager02.condor.usegalaxy.eu",
                            "records.#": "1",
                            "records.4091222548": "10.5.68.222",
                            "set_identifier": "",
                            "ttl": "300",
                            "type": "A",
                            "zone_id": "Z3BOXJYLR7ZV7D"
                        },
                        "meta": {
                            "schema_version": "2"
                        },
                        "tainted": false
                    },
                    "deposed": [],
                    "provider": "provider.aws"
                },
                "aws_route53_record.fm": {
                    "type": "aws_route53_record",
                    "depends_on": [
                        "openstack_compute_instance_v2.test-flock-manager"
                    ],
                    "primary": {
                        "id": "Z3BOXJYLR7ZV7D_flock.condor.usegalaxy.eu_A",
                        "attributes": {
                            "allow_overwrite": "true",
                            "fqdn": "flock.condor.usegalaxy.eu",
                            "health_check_id": "",
                            "id": "Z3BOXJYLR7ZV7D_flock.condor.usegalaxy.eu_A",
                            "name": "flock.condor.usegalaxy.eu",
                            "records.#": "1",
                            "records.2229021314": "10.5.68.223",
                            "set_identifier": "",
                            "ttl": "300",
                            "type": "A",
                            "zone_id": "Z3BOXJYLR7ZV7D"
                        },
                        "meta": {
                            "schema_version": "2"
                        },
                        "tainted": false
                    },
                    "deposed": [],
                    "provider": "provider.aws"
                },
                "openstack_compute_instance_v2.test-cm": {
                    "type": "openstack_compute_instance_v2",
                    "depends_on": [],
                    "primary": {
                        "id": "9c1d6899-f20d-49d1-b78d-f7c2d690ec65",
                        "attributes": {
                            "access_ip_v4": "10.5.68.220",
                            "access_ip_v6": "",
                            "all_metadata.%": "0",
                            "availability_zone": "nova",
                            "flavor_id": "4fd0073e-f743-4b2a-aca4-a9f0a8a72e52",
                            "flavor_name": "m1.medium",
                            "force_delete": "false",
                            "id": "9c1d6899-f20d-49d1-b78d-f7c2d690ec65",
                            "image_id": "8fbaf82f-95bc-4ea0-bdc8-4d017b418e71",
                            "image_name": "test-vgcn-general",
                            "key_pair": "cloud2",
                            "name": "test-cm",
                            "network.#": "1",
                            "network.0.access_network": "false",
                            "network.0.fixed_ip_v4": "10.5.68.220",
                            "network.0.fixed_ip_v6": "",
                            "network.0.floating_ip": "",
                            "network.0.mac": "fa:16:3e:09:c7:55",
                            "network.0.name": "galaxy-net",
                            "network.0.port": "",
                            "network.0.uuid": "3177f260-fadc-4f55-8e3c-76842a037bbe",
                            "region": "Freiburg",
                            "security_groups.#": "2",
                            "security_groups.2162032504": "egress",
                            "security_groups.92454976": "ingress-public",
                            "stop_before_destroy": "false",
                            "user_data": "82c678e8f5f249799ac4aaee8071b4ba865e424b"
                        },
                        "meta": {
                            "e2bfb730-ecaa-11e6-8f88-34363bc7c4c0": {
                                "create": 1800000000000,
                                "delete": 1800000000000,
                                "update": 1800000000000
                            }
                        },
                        "tainted": false
                    },
                    "deposed": [],
                    "provider": "provider.openstack"
                },
                "openstack_compute_instance_v2.test-cm-alt": {
                    "type": "openstack_compute_instance_v2",
                    "depends_on": [],
                    "primary": {
                        "id": "0f9a5883-3bb9-4150-8392-56096104a9ca",
                        "attributes": {
                            "access_ip_v4": "10.5.68.222",
                            "access_ip_v6": "",
                            "all_metadata.%": "0",
                            "availability_zone": "nova",
                            "flavor_id": "4fd0073e-f743-4b2a-aca4-a9f0a8a72e52",
                            "flavor_name": "m1.medium",
                            "force_delete": "false",
                            "id": "0f9a5883-3bb9-4150-8392-56096104a9ca",
                            "image_id": "8fbaf82f-95bc-4ea0-bdc8-4d017b418e71",
                            "image_name": "test-vgcn-general",
                            "key_pair": "cloud2",
                            "name": "test-cm-alt",
                            "network.#": "1",
                            "network.0.access_network": "false",
                            "network.0.fixed_ip_v4": "10.5.68.222",
                            "network.0.fixed_ip_v6": "",
                            "network.0.floating_ip": "",
                            "network.0.mac": "fa:16:3e:ed:c4:62",
                            "network.0.name": "galaxy-net",
                            "network.0.port": "",
                            "network.0.uuid": "3177f260-fadc-4f55-8e3c-76842a037bbe",
                            "region": "Freiburg",
                            "security_groups.#": "2",
                            "security_groups.2162032504": "egress",
                            "security_groups.92454976": "ingress-public",
                            "stop_before_destroy": "false",
                            "user_data": "cd819097038b989d977f9b27e057a4bec4d4b6b7"
                        },
                        "meta": {
                            "e2bfb730-ecaa-11e6-8f88-34363bc7c4c0": {
                                "create": 1800000000000,
                                "delete": 1800000000000,
                                "update": 1800000000000
                            }
                        },
                        "tainted": false
                    },
                    "deposed": [],
                    "provider": "provider.openstack"
                },
                "openstack_compute_instance_v2.test-exec-1": {
                    "type": "openstack_compute_instance_v2",
                    "depends_on": [],
                    "primary": {
                        "id": "9a8f78ee-12b5-4c78-b249-24ea93870ed5",
                        "attributes": {
                            "access_ip_v4": "10.5.68.221",
                            "access_ip_v6": "",
                            "all_metadata.%": "0",
                            "availability_zone": "nova",
                            "flavor_id": "4fd0073e-f743-4b2a-aca4-a9f0a8a72e52",
                            "flavor_name": "m1.medium",
                            "force_delete": "false",
                            "id": "9a8f78ee-12b5-4c78-b249-24ea93870ed5",
                            "image_id": "8fbaf82f-95bc-4ea0-bdc8-4d017b418e71",
                            "image_name": "test-vgcn-general",
                            "key_pair": "cloud2",
                            "name": "test-exec-1",
                            "network.#": "1",
                            "network.0.access_network": "false",
                            "network.0.fixed_ip_v4": "10.5.68.221",
                            "network.0.fixed_ip_v6": "",
                            "network.0.floating_ip": "",
                            "network.0.mac": "fa:16:3e:f9:f8:40",
                            "network.0.name": "galaxy-net",
                            "network.0.port": "",
                            "network.0.uuid": "3177f260-fadc-4f55-8e3c-76842a037bbe",
                            "region": "Freiburg",
                            "security_groups.#": "2",
                            "security_groups.2162032504": "egress",
                            "security_groups.92454976": "ingress-public",
                            "stop_before_destroy": "false",
                            "user_data": "e0e9fc533f7abeceb9e57e0e6d8363732f8b6e82"
                        },
                        "meta": {
                            "e2bfb730-ecaa-11e6-8f88-34363bc7c4c0": {
                                "create": 1800000000000,
                                "delete": 1800000000000,
                                "update": 1800000000000
                            }
                        },
                        "tainted": false
                    },
                    "deposed": [],
                    "provider": "provider.openstack"
                },
                "openstack_compute_instance_v2.test-exec-2": {
                    "type": "openstack_compute_instance_v2",
                    "depends_on": [],
                    "primary": {
                        "id": "28400824-2311-4ffe-8e90-bb7152a99884",
                        "attributes": {
                            "access_ip_v4": "10.5.68.224",
                            "access_ip_v6": "",
                            "all_metadata.%": "0",
                            "availability_zone": "nova",
                            "flavor_id": "4fd0073e-f743-4b2a-aca4-a9f0a8a72e52",
                            "flavor_name": "m1.medium",
                            "force_delete": "false",
                            "id": "28400824-2311-4ffe-8e90-bb7152a99884",
                            "image_id": "8fbaf82f-95bc-4ea0-bdc8-4d017b418e71",
                            "image_name": "test-vgcn-general",
                            "key_pair": "cloud2",
                            "name": "test-exec-2",
                            "network.#": "1",
                            "network.0.access_network": "false",
                            "network.0.fixed_ip_v4": "10.5.68.224",
                            "network.0.fixed_ip_v6": "",
                            "network.0.floating_ip": "",
                            "network.0.mac": "fa:16:3e:44:eb:6b",
                            "network.0.name": "galaxy-net",
                            "network.0.port": "",
                            "network.0.uuid": "3177f260-fadc-4f55-8e3c-76842a037bbe",
                            "region": "Freiburg",
                            "security_groups.#": "2",
                            "security_groups.2162032504": "egress",
                            "security_groups.92454976": "ingress-public",
                            "stop_before_destroy": "false",
                            "user_data": "aa4685a45582276460d09d4d2b40316164d7cf3c"
                        },
                        "meta": {
                            "e2bfb730-ecaa-11e6-8f88-34363bc7c4c0": {
                                "create": 1800000000000,
                                "delete": 1800000000000,
                                "update": 1800000000000
                            }
                        },
                        "tainted": false
                    },
                    "deposed": [],
                    "provider": "provider.openstack"
                },
                "openstack_compute_instance_v2.test-flock-manager": {
                    "type": "openstack_compute_instance_v2",
                    "depends_on": [],
                    "primary": {
                        "id": "b5171c29-646f-45ce-be9c-794703e27314",
                        "attributes": {
                            "access_ip_v4": "10.5.68.223",
                            "access_ip_v6": "",
                            "all_metadata.%": "0",
                            "availability_zone": "nova",
                            "flavor_id": "4fd0073e-f743-4b2a-aca4-a9f0a8a72e52",
                            "flavor_name": "m1.medium",
                            "force_delete": "false",
                            "id": "b5171c29-646f-45ce-be9c-794703e27314",
                            "image_id": "8fbaf82f-95bc-4ea0-bdc8-4d017b418e71",
                            "image_name": "test-vgcn-general",
                            "key_pair": "cloud2",
                            "name": "test-flock-manager",
                            "network.#": "1",
                            "network.0.access_network": "false",
                            "network.0.fixed_ip_v4": "10.5.68.223",
                            "network.0.fixed_ip_v6": "",
                            "network.0.floating_ip": "",
                            "network.0.mac": "fa:16:3e:88:81:36",
                            "network.0.name": "galaxy-net",
                            "network.0.port": "",
                            "network.0.uuid": "3177f260-fadc-4f55-8e3c-76842a037bbe",
                            "region": "Freiburg",
                            "security_groups.#": "2",
                            "security_groups.2162032504": "egress",
                            "security_groups.92454976": "ingress-public",
                            "stop_before_destroy": "false",
                            "user_data": "b9e31cd8c865dab51aece550ded2ea4d927b72ba"
                        },
                        "meta": {
                            "e2bfb730-ecaa-11e6-8f88-34363bc7c4c0": {
                                "create": 1800000000000,
                                "delete": 1800000000000,
                                "update": 1800000000000
                            }
                        },
                        "tainted": false
                    },
                    "deposed": [],
                    "provider": "provider.openstack"
                },
                "openstack_networking_secgroup_rule_v2.egress-public-4": {
                    "type": "openstack_networking_secgroup_rule_v2",
                    "depends_on": [
                        "openstack_networking_secgroup_v2.egress-public"
                    ],
                    "primary": {
                        "id": "948d57bc-6b77-4d6b-96c1-0ed1564c1aaf",
                        "attributes": {
                            "direction": "egress",
                            "ethertype": "IPv4",
                            "id": "948d57bc-6b77-4d6b-96c1-0ed1564c1aaf",
                            "port_range_max": "0",
                            "port_range_min": "0",
                            "protocol": "",
                            "region": "Freiburg",
                            "remote_group_id": "",
                            "remote_ip_prefix": "",
                            "security_group_id": "85495128-f3ab-4b37-a948-7f7851a823c5",
                            "tenant_id": "b220135d682541ec92eb37df270bddca"
                        },
                        "meta": {
                            "e2bfb730-ecaa-11e6-8f88-34363bc7c4c0": {
                                "delete": 600000000000
                            }
                        },
                        "tainted": false
                    },
                    "deposed": [],
                    "provider": "provider.openstack"
                },
                "openstack_networking_secgroup_rule_v2.egress-public-6": {
                    "type": "openstack_networking_secgroup_rule_v2",
                    "depends_on": [
                        "openstack_networking_secgroup_v2.egress-public"
                    ],
                    "primary": {
                        "id": "8187fcad-1b68-464a-930f-9e2bec65af25",
                        "attributes": {
                            "direction": "egress",
                            "ethertype": "IPv6",
                            "id": "8187fcad-1b68-464a-930f-9e2bec65af25",
                            "port_range_max": "0",
                            "port_range_min": "0",
                            "protocol": "",
                            "region": "Freiburg",
                            "remote_group_id": "",
                            "remote_ip_prefix": "",
                            "security_group_id": "85495128-f3ab-4b37-a948-7f7851a823c5",
                            "tenant_id": "b220135d682541ec92eb37df270bddca"
                        },
                        "meta": {
                            "e2bfb730-ecaa-11e6-8f88-34363bc7c4c0": {
                                "delete": 600000000000
                            }
                        },
                        "tainted": false
                    },
                    "deposed": [],
                    "provider": "provider.openstack"
                },
                "openstack_networking_secgroup_rule_v2.ingress-public-4": {
                    "type": "openstack_networking_secgroup_rule_v2",
                    "depends_on": [
                        "openstack_networking_secgroup_v2.ingress-public"
                    ],
                    "primary": {
                        "id": "a7cbadeb-926b-46cf-9cb5-83203f1765aa",
                        "attributes": {
                            "direction": "ingress",
                            "ethertype": "IPv4",
                            "id": "a7cbadeb-926b-46cf-9cb5-83203f1765aa",
                            "port_range_max": "0",
                            "port_range_min": "0",
                            "protocol": "",
                            "region": "Freiburg",
                            "remote_group_id": "",
                            "remote_ip_prefix": "",
                            "security_group_id": "13cdd7d7-92ea-40cc-ab09-d21c528df56a",
                            "tenant_id": "b220135d682541ec92eb37df270bddca"
                        },
                        "meta": {
                            "e2bfb730-ecaa-11e6-8f88-34363bc7c4c0": {
                                "delete": 600000000000
                            }
                        },
                        "tainted": false
                    },
                    "deposed": [],
                    "provider": "provider.openstack"
                },
                "openstack_networking_secgroup_rule_v2.ingress-public-6": {
                    "type": "openstack_networking_secgroup_rule_v2",
                    "depends_on": [
                        "openstack_networking_secgroup_v2.ingress-public"
                    ],
                    "primary": {
                        "id": "fb24ccbf-025a-494f-b632-62e107e12ae1",
                        "attributes": {
                            "direction": "ingress",
                            "ethertype": "IPv6",
                            "id": "fb24ccbf-025a-494f-b632-62e107e12ae1",
                            "port_range_max": "0",
                            "port_range_min": "0",
                            "protocol": "",
                            "region": "Freiburg",
                            "remote_group_id": "",
                            "remote_ip_prefix": "",
                            "security_group_id": "13cdd7d7-92ea-40cc-ab09-d21c528df56a",
                            "tenant_id": "b220135d682541ec92eb37df270bddca"
                        },
                        "meta": {
                            "e2bfb730-ecaa-11e6-8f88-34363bc7c4c0": {
                                "delete": 600000000000
                            }
                        },
                        "tainted": false
                    },
                    "deposed": [],
                    "provider": "provider.openstack"
                },
                "openstack_networking_secgroup_v2.egress-public": {
                    "type": "openstack_networking_secgroup_v2",
                    "depends_on": [],
                    "primary": {
                        "id": "85495128-f3ab-4b37-a948-7f7851a823c5",
                        "attributes": {
                            "delete_default_rules": "true",
                            "description": "Allow any outgoing connection",
                            "id": "85495128-f3ab-4b37-a948-7f7851a823c5",
                            "name": "egress-public",
                            "region": "Freiburg",
                            "tenant_id": "b220135d682541ec92eb37df270bddca"
                        },
                        "meta": {
                            "e2bfb730-ecaa-11e6-8f88-34363bc7c4c0": {
                                "delete": 600000000000
                            }
                        },
                        "tainted": false
                    },
                    "deposed": [],
                    "provider": "provider.openstack"
                },
                "openstack_networking_secgroup_v2.ingress-public": {
                    "type": "openstack_networking_secgroup_v2",
                    "depends_on": [],
                    "primary": {
                        "id": "13cdd7d7-92ea-40cc-ab09-d21c528df56a",
                        "attributes": {
                            "delete_default_rules": "true",
                            "description": "Allow any incoming connection",
                            "id": "13cdd7d7-92ea-40cc-ab09-d21c528df56a",
                            "name": "ingress-public",
                            "region": "Freiburg",
                            "tenant_id": "b220135d682541ec92eb37df270bddca"
                        },
                        "meta": {
                            "e2bfb730-ecaa-11e6-8f88-34363bc7c4c0": {
                                "delete": 600000000000
                            }
                        },
                        "tainted": false
                    },
                    "deposed": [],
                    "provider": "provider.openstack"
                }
            },
            "depends_on": []
        }
    ]
}
