{
    "version": 3,
    "terraform_version": "0.11.7",
    "serial": 10,
    "lineage": "4a267b94-73d3-b4a6-1c2c-b6831cde98fa",
    "modules": [
        {
            "path": [
                "root"
            ],
            "outputs": {},
            "resources": {
                "openstack_compute_instance_v2.instance_1": {
                    "type": "openstack_compute_instance_v2",
                    "depends_on": [
                        "openstack_compute_secgroup_v2.secgroup_1",
                        "openstack_networking_port_v2.port_1"
                    ],
                    "primary": {
                        "id": "47a472fe-ef45-4fd1-ad87-085a3fc1fca5",
                        "attributes": {
                            "access_ip_v4": "192.168.199.10",
                            "access_ip_v6": "",
                            "all_metadata.%": "0",
                            "availability_zone": "nova",
                            "flavor_id": "4fd0073e-f743-4b2a-aca4-a9f0a8a72e52",
                            "flavor_name": "m1.medium",
                            "force_delete": "false",
                            "id": "47a472fe-ef45-4fd1-ad87-085a3fc1fca5",
                            "image_id": "af0054a0-d56d-4b55-855b-1770bcce293b",
                            "image_name": "vggp-v29-j31-2ceb08399fa7-passordless",
                            "key_pair": "cloud2",
                            "name": "aaaaaaaaaaaaaa-cm",
                            "network.#": "1",
                            "network.0.access_network": "false",
                            "network.0.fixed_ip_v4": "192.168.199.10",
                            "network.0.fixed_ip_v6": "",
                            "network.0.floating_ip": "",
                            "network.0.mac": "fa:16:3e:86:ba:31",
                            "network.0.name": "network_1",
                            "network.0.port": "963dabeb-4705-44f5-b074-85cb97eb4ea9",
                            "network.0.uuid": "5f1c1baf-acb3-4b12-ae1b-ef1f11ff1edf",
                            "region": "Freiburg",
                            "security_groups.#": "3",
                            "security_groups.2162032504": "egress",
                            "security_groups.3239080508": "secgroup_1",
                            "security_groups.92454976": "ingress-public",
                            "stop_before_destroy": "false",
                            "user_data": "d3d4ddb3a2c4879ccaac6b7984bdf08263559bc5"
                        },
                        "meta": {
                            "e2bfb730-ecaa-11e6-8f88-34363bc7c4c0": {
                                "create": 1800000000000,
                                "delete": 1800000000000,
                                "update": 1800000000000
                            }
                        },
                        "tainted": false
                    },
                    "deposed": [],
                    "provider": "provider.openstack"
                },
                "openstack_compute_instance_v2.instance_2.0": {
                    "type": "openstack_compute_instance_v2",
                    "depends_on": [
                        "openstack_networking_network_v2.network_1"
                    ],
                    "primary": {
                        "id": "0238d23d-0a7e-4522-a9a3-82f557e877a6",
                        "attributes": {
                            "access_ip_v4": "192.168.199.13",
                            "access_ip_v6": "",
                            "all_metadata.%": "0",
                            "availability_zone": "nova",
                            "flavor_id": "5858ff68-f9dd-4a6d-8fb4-4957c58e52f7",
                            "flavor_name": "m1.tiny",
                            "force_delete": "false",
                            "id": "0238d23d-0a7e-4522-a9a3-82f557e877a6",
                            "image_id": "af0054a0-d56d-4b55-855b-1770bcce293b",
                            "image_name": "vggp-v29-j31-2ceb08399fa7-passordless",
                            "key_pair": "cloud2",
                            "name": "aaaaaaaaaaaaaa-exec-0",
                            "network.#": "1",
                            "network.0.access_network": "false",
                            "network.0.fixed_ip_v4": "192.168.199.13",
                            "network.0.fixed_ip_v6": "",
                            "network.0.floating_ip": "",
                            "network.0.mac": "fa:16:3e:e1:cb:36",
                            "network.0.name": "network_1",
                            "network.0.port": "",
                            "network.0.uuid": "5f1c1baf-acb3-4b12-ae1b-ef1f11ff1edf",
                            "region": "Freiburg",
                            "security_groups.#": "2",
                            "security_groups.2162032504": "egress",
                            "security_groups.92454976": "ingress-public",
                            "stop_before_destroy": "false"
                        },
                        "meta": {
                            "e2bfb730-ecaa-11e6-8f88-34363bc7c4c0": {
                                "create": 1800000000000,
                                "delete": 1800000000000,
                                "update": 1800000000000
                            }
                        },
                        "tainted": false
                    },
                    "deposed": [],
                    "provider": "provider.openstack"
                },
                "openstack_compute_instance_v2.instance_2.1": {
                    "type": "openstack_compute_instance_v2",
                    "depends_on": [
                        "openstack_networking_network_v2.network_1"
                    ],
                    "primary": {
                        "id": "9dc73572-f99e-4ee7-8b3b-3304cdecae7b",
                        "attributes": {
                            "access_ip_v4": "192.168.199.12",
                            "access_ip_v6": "",
                            "all_metadata.%": "0",
                            "availability_zone": "nova",
                            "flavor_id": "5858ff68-f9dd-4a6d-8fb4-4957c58e52f7",
                            "flavor_name": "m1.tiny",
                            "force_delete": "false",
                            "id": "9dc73572-f99e-4ee7-8b3b-3304cdecae7b",
                            "image_id": "af0054a0-d56d-4b55-855b-1770bcce293b",
                            "image_name": "vggp-v29-j31-2ceb08399fa7-passordless",
                            "key_pair": "cloud2",
                            "name": "aaaaaaaaaaaaaa-exec-1",
                            "network.#": "1",
                            "network.0.access_network": "false",
                            "network.0.fixed_ip_v4": "192.168.199.12",
                            "network.0.fixed_ip_v6": "",
                            "network.0.floating_ip": "",
                            "network.0.mac": "fa:16:3e:50:be:d6",
                            "network.0.name": "network_1",
                            "network.0.port": "",
                            "network.0.uuid": "5f1c1baf-acb3-4b12-ae1b-ef1f11ff1edf",
                            "region": "Freiburg",
                            "security_groups.#": "2",
                            "security_groups.2162032504": "egress",
                            "security_groups.92454976": "ingress-public",
                            "stop_before_destroy": "false"
                        },
                        "meta": {
                            "e2bfb730-ecaa-11e6-8f88-34363bc7c4c0": {
                                "create": 1800000000000,
                                "delete": 1800000000000,
                                "update": 1800000000000
                            }
                        },
                        "tainted": false
                    },
                    "deposed": [],
                    "provider": "provider.openstack"
                },
                "openstack_compute_instance_v2.instance_2.2": {
                    "type": "openstack_compute_instance_v2",
                    "depends_on": [
                        "openstack_networking_network_v2.network_1"
                    ],
                    "primary": {
                        "id": "9d066e58-b35f-4b29-9a2f-9f9d93a86c2f",
                        "attributes": {
                            "access_ip_v4": "192.168.199.11",
                            "access_ip_v6": "",
                            "all_metadata.%": "0",
                            "availability_zone": "nova",
                            "flavor_id": "5858ff68-f9dd-4a6d-8fb4-4957c58e52f7",
                            "flavor_name": "m1.tiny",
                            "force_delete": "false",
                            "id": "9d066e58-b35f-4b29-9a2f-9f9d93a86c2f",
                            "image_id": "af0054a0-d56d-4b55-855b-1770bcce293b",
                            "image_name": "vggp-v29-j31-2ceb08399fa7-passordless",
                            "key_pair": "cloud2",
                            "name": "aaaaaaaaaaaaaa-exec-2",
                            "network.#": "1",
                            "network.0.access_network": "false",
                            "network.0.fixed_ip_v4": "192.168.199.11",
                            "network.0.fixed_ip_v6": "",
                            "network.0.floating_ip": "",
                            "network.0.mac": "fa:16:3e:38:1d:d9",
                            "network.0.name": "network_1",
                            "network.0.port": "",
                            "network.0.uuid": "5f1c1baf-acb3-4b12-ae1b-ef1f11ff1edf",
                            "region": "Freiburg",
                            "security_groups.#": "2",
                            "security_groups.2162032504": "egress",
                            "security_groups.92454976": "ingress-public",
                            "stop_before_destroy": "false"
                        },
                        "meta": {
                            "e2bfb730-ecaa-11e6-8f88-34363bc7c4c0": {
                                "create": 1800000000000,
                                "delete": 1800000000000,
                                "update": 1800000000000
                            }
                        },
                        "tainted": false
                    },
                    "deposed": [],
                    "provider": "provider.openstack"
                },
                "openstack_compute_secgroup_v2.secgroup_1": {
                    "type": "openstack_compute_secgroup_v2",
                    "depends_on": [],
                    "primary": {
                        "id": "d034ebc3-35df-4ada-b6b2-97691a67db01",
                        "attributes": {
                            "description": "a security group",
                            "id": "d034ebc3-35df-4ada-b6b2-97691a67db01",
                            "name": "secgroup_1",
                            "region": "Freiburg",
                            "rule.#": "1",
                            "rule.836640770.cidr": "0.0.0.0/0",
                            "rule.836640770.from_group_id": "",
                            "rule.836640770.from_port": "22",
                            "rule.836640770.id": "d84efe41-ffc6-42b2-85f2-3068f468349e",
                            "rule.836640770.ip_protocol": "tcp",
                            "rule.836640770.self": "false",
                            "rule.836640770.to_port": "22"
                        },
                        "meta": {
                            "e2bfb730-ecaa-11e6-8f88-34363bc7c4c0": {
                                "delete": 600000000000
                            }
                        },
                        "tainted": false
                    },
                    "deposed": [],
                    "provider": "provider.openstack"
                },
                "openstack_networking_network_v2.network_1": {
                    "type": "openstack_networking_network_v2",
                    "depends_on": [],
                    "primary": {
                        "id": "5f1c1baf-acb3-4b12-ae1b-ef1f11ff1edf",
                        "attributes": {
                            "admin_state_up": "true",
                            "availability_zone_hints.#": "0",
                            "id": "5f1c1baf-acb3-4b12-ae1b-ef1f11ff1edf",
                            "name": "network_1",
                            "region": "Freiburg",
                            "shared": "false",
                            "tenant_id": "b220135d682541ec92eb37df270bddca"
                        },
                        "meta": {
                            "e2bfb730-ecaa-11e6-8f88-34363bc7c4c0": {
                                "create": 600000000000,
                                "delete": 600000000000
                            }
                        },
                        "tainted": false
                    },
                    "deposed": [],
                    "provider": "provider.openstack"
                },
                "openstack_networking_port_v2.port_1": {
                    "type": "openstack_networking_port_v2",
                    "depends_on": [
                        "openstack_compute_secgroup_v2.secgroup_1",
                        "openstack_networking_network_v2.network_1",
                        "openstack_networking_subnet_v2.subnet_1"
                    ],
                    "primary": {
                        "id": "963dabeb-4705-44f5-b074-85cb97eb4ea9",
                        "attributes": {
                            "admin_state_up": "true",
                            "all_fixed_ips.#": "1",
                            "all_fixed_ips.0": "192.168.199.10",
                            "all_security_group_ids.#": "3",
                            "all_security_group_ids.1320030323": "917b5685-8bd8-4d7c-8ece-bc3194a4cc13",
                            "all_security_group_ids.2094672689": "13cdd7d7-92ea-40cc-ab09-d21c528df56a",
                            "all_security_group_ids.3480930702": "d034ebc3-35df-4ada-b6b2-97691a67db01",
                            "allowed_address_pairs.#": "0",
                            "device_id": "943bb8fe-dc55-4f9b-86b5-c1a6c5bd1bed",
                            "device_owner": "compute:None",
                            "fixed_ip.#": "1",
                            "fixed_ip.0.ip_address": "192.168.199.10",
                            "fixed_ip.0.subnet_id": "0fa3affb-a248-4dcd-8ea1-069cd8a582f9",
                            "id": "963dabeb-4705-44f5-b074-85cb97eb4ea9",
                            "mac_address": "fa:16:3e:86:ba:31",
                            "name": "port_1",
                            "network_id": "5f1c1baf-acb3-4b12-ae1b-ef1f11ff1edf",
                            "region": "Freiburg",
                            "security_group_ids.#": "1",
                            "security_group_ids.3480930702": "d034ebc3-35df-4ada-b6b2-97691a67db01",
                            "tenant_id": "b220135d682541ec92eb37df270bddca"
                        },
                        "meta": {
                            "e2bfb730-ecaa-11e6-8f88-34363bc7c4c0": {
                                "create": 600000000000,
                                "delete": 600000000000
                            }
                        },
                        "tainted": false
                    },
                    "deposed": [],
                    "provider": "provider.openstack"
                },
                "openstack_networking_router_interface_v2.int_1": {
                    "type": "openstack_networking_router_interface_v2",
                    "depends_on": [
                        "openstack_networking_router_v2.router_1",
                        "openstack_networking_subnet_v2.subnet_1"
                    ],
                    "primary": {
                        "id": "b125496b-46e2-4994-b44a-b4f04eb6f8a2",
                        "attributes": {
                            "id": "b125496b-46e2-4994-b44a-b4f04eb6f8a2",
                            "port_id": "b125496b-46e2-4994-b44a-b4f04eb6f8a2",
                            "region": "Freiburg",
                            "router_id": "b9c4ac7d-af1d-4627-982f-dcf5515a4062",
                            "subnet_id": "0fa3affb-a248-4dcd-8ea1-069cd8a582f9"
                        },
                        "meta": {
                            "e2bfb730-ecaa-11e6-8f88-34363bc7c4c0": {
                                "create": 600000000000,
                                "delete": 600000000000
                            }
                        },
                        "tainted": false
                    },
                    "deposed": [],
                    "provider": "provider.openstack"
                },
                "openstack_networking_router_interface_v2.int_2": {
                    "type": "openstack_networking_router_interface_v2",
                    "depends_on": [
                        "openstack_networking_router_v2.router_1"
                    ],
                    "primary": {
                        "id": "0c0dc521-e613-43d1-8a23-3736374892ad",
                        "attributes": {
                            "id": "0c0dc521-e613-43d1-8a23-3736374892ad",
                            "port_id": "0c0dc521-e613-43d1-8a23-3736374892ad",
                            "region": "Freiburg",
                            "router_id": "b9c4ac7d-af1d-4627-982f-dcf5515a4062",
                            "subnet_id": "79651674-2158-4fb7-b6af-6513913b4b04"
                        },
                        "meta": {
                            "e2bfb730-ecaa-11e6-8f88-34363bc7c4c0": {
                                "create": 600000000000,
                                "delete": 600000000000
                            }
                        },
                        "tainted": false
                    },
                    "deposed": [],
                    "provider": "provider.openstack"
                },
                "openstack_networking_router_v2.router_1": {
                    "type": "openstack_networking_router_v2",
                    "depends_on": [],
                    "primary": {
                        "id": "b9c4ac7d-af1d-4627-982f-dcf5515a4062",
                        "attributes": {
                            "admin_state_up": "true",
                            "availability_zone_hints.#": "0",
                            "distributed": "false",
                            "enable_snat": "false",
                            "external_fixed_ip.#": "0",
                            "external_gateway": "",
                            "external_network_id": "",
                            "id": "b9c4ac7d-af1d-4627-982f-dcf5515a4062",
                            "name": "router_1",
                            "region": "Freiburg",
                            "tenant_id": "b220135d682541ec92eb37df270bddca"
                        },
                        "meta": {
                            "e2bfb730-ecaa-11e6-8f88-34363bc7c4c0": {
                                "create": 600000000000,
                                "delete": 600000000000
                            }
                        },
                        "tainted": false
                    },
                    "deposed": [],
                    "provider": "provider.openstack"
                },
                "openstack_networking_subnet_v2.subnet_1": {
                    "type": "openstack_networking_subnet_v2",
                    "depends_on": [
                        "openstack_networking_network_v2.network_1"
                    ],
                    "primary": {
                        "id": "0fa3affb-a248-4dcd-8ea1-069cd8a582f9",
                        "attributes": {
                            "allocation_pools.#": "1",
                            "allocation_pools.0.end": "192.168.199.254",
                            "allocation_pools.0.start": "192.168.199.2",
                            "cidr": "192.168.199.0/24",
                            "dns_nameservers.#": "0",
                            "enable_dhcp": "true",
                            "gateway_ip": "192.168.199.1",
                            "host_routes.#": "0",
                            "id": "0fa3affb-a248-4dcd-8ea1-069cd8a582f9",
                            "ip_version": "4",
                            "ipv6_address_mode": "",
                            "ipv6_ra_mode": "",
                            "name": "",
                            "network_id": "5f1c1baf-acb3-4b12-ae1b-ef1f11ff1edf",
                            "no_gateway": "false",
                            "region": "Freiburg",
                            "subnetpool_id": "",
                            "tenant_id": "b220135d682541ec92eb37df270bddca"
                        },
                        "meta": {
                            "e2bfb730-ecaa-11e6-8f88-34363bc7c4c0": {
                                "create": 600000000000,
                                "delete": 600000000000
                            }
                        },
                        "tainted": false
                    },
                    "deposed": [],
                    "provider": "provider.openstack"
                }
            },
            "depends_on": []
        }
    ]
}
