{
    "version": 3,
    "terraform_version": "0.11.7",
    "serial": 2,
    "lineage": "d0b543b9-a272-aff3-c9fa-e76d5c1d1e85",
    "modules": [
        {
            "path": [
                "root"
            ],
            "outputs": {},
            "resources": {
                "openstack_compute_instance_v2.central-manager": {
                    "type": "openstack_compute_instance_v2",
                    "depends_on": [],
                    "primary": {
                        "id": "22c3286f-09c4-4562-b25d-937c1741821b",
                        "attributes": {
                            "access_ip_v4": "192.52.3.172",
                            "access_ip_v6": "[2001:7c0:100:1105:f816:3eff:fe35:db22]",
                            "all_metadata.%": "0",
                            "availability_zone": "nova",
                            "flavor_id": "5858ff68-f9dd-4a6d-8fb4-4957c58e52f7",
                            "flavor_name": "m1.tiny",
                            "force_delete": "false",
                            "id": "22c3286f-09c4-4562-b25d-937c1741821b",
                            "image_id": "80445a2e-2f6e-433b-92e6-fde6137e138b",
                            "image_name": "vggp-v29-j44-aec7827deba9-pulsar",
                            "key_pair": "cloud2",
                            "name": "pub2test-central-manager.usegalaxy.eu",
                            "network.#": "1",
                            "network.0.access_network": "false",
                            "network.0.fixed_ip_v4": "192.52.3.172",
                            "network.0.fixed_ip_v6": "[2001:7c0:100:1105:f816:3eff:fe35:db22]",
                            "network.0.floating_ip": "",
                            "network.0.mac": "fa:16:3e:35:db:22",
                            "network.0.name": "public2",
                            "network.0.port": "",
                            "network.0.uuid": "913b20eb-123f-4e23-a740-ef2f5c1d28a4",
                            "region": "Freiburg",
                            "security_groups.#": "1",
                            "security_groups.1008216875": "Public",
                            "stop_before_destroy": "false",
                            "user_data": "12abdf2d8ea092c91f240022ad1963084548a508"
                        },
                        "meta": {
                            "e2bfb730-ecaa-11e6-8f88-34363bc7c4c0": {
                                "create": 1800000000000,
                                "delete": 1800000000000,
                                "update": 1800000000000
                            }
                        },
                        "tainted": false
                    },
                    "deposed": [],
                    "provider": "provider.openstack"
                },
                "openstack_compute_instance_v2.m1-medium.0": {
                    "type": "openstack_compute_instance_v2",
                    "depends_on": [],
                    "primary": {
                        "id": "152424bd-b62b-4ed5-b35b-0646f947167b",
                        "attributes": {
                            "flavor_name": "m1.medium",
                            "force_delete": "false",
                            "id": "152424bd-b62b-4ed5-b35b-0646f947167b",
                            "image_name": "vggp-v29-j44-aec7827deba9-pulsar",
                            "key_pair": "cloud2",
                            "name": "pub2test-m1-medium.usegalaxy.eu",
                            "network.#": "1",
                            "network.0.access_network": "false",
                            "network.0.fixed_ip_v4": "",
                            "network.0.fixed_ip_v6": "",
                            "network.0.floating_ip": "",
                            "network.0.mac": "",
                            "network.0.name": "public2",
                            "network.0.port": "",
                            "network.0.uuid": "",
                            "security_groups.#": "1",
                            "security_groups.1008216875": "Public",
                            "stop_before_destroy": "false",
                            "user_data": "0f6f86e3425d453efb84f70a5267dc03c1a3aa02"
                        },
                        "meta": {
                            "e2bfb730-ecaa-11e6-8f88-34363bc7c4c0": {
                                "create": 1800000000000,
                                "delete": 1800000000000,
                                "update": 1800000000000
                            }
                        },
                        "tainted": false
                    },
                    "deposed": [],
                    "provider": "provider.openstack"
                },
                "openstack_compute_instance_v2.m1-medium.1": {
                    "type": "openstack_compute_instance_v2",
                    "depends_on": [],
                    "primary": {
                        "id": "11555251-174f-4aad-bc74-01598fc17938",
                        "attributes": {
                            "flavor_name": "m1.medium",
                            "force_delete": "false",
                            "id": "11555251-174f-4aad-bc74-01598fc17938",
                            "image_name": "vggp-v29-j44-aec7827deba9-pulsar",
                            "key_pair": "cloud2",
                            "name": "pub2test-m1-medium.usegalaxy.eu",
                            "network.#": "1",
                            "network.0.access_network": "false",
                            "network.0.fixed_ip_v4": "",
                            "network.0.fixed_ip_v6": "",
                            "network.0.floating_ip": "",
                            "network.0.mac": "",
                            "network.0.name": "public2",
                            "network.0.port": "",
                            "network.0.uuid": "",
                            "security_groups.#": "1",
                            "security_groups.1008216875": "Public",
                            "stop_before_destroy": "false",
                            "user_data": "0f6f86e3425d453efb84f70a5267dc03c1a3aa02"
                        },
                        "meta": {
                            "e2bfb730-ecaa-11e6-8f88-34363bc7c4c0": {
                                "create": 1800000000000,
                                "delete": 1800000000000,
                                "update": 1800000000000
                            }
                        },
                        "tainted": false
                    },
                    "deposed": [],
                    "provider": "provider.openstack"
                },
                "openstack_compute_instance_v2.nfs-server": {
                    "type": "openstack_compute_instance_v2",
                    "depends_on": [],
                    "primary": {
                        "id": "5345b7fc-a924-4721-a82d-48e8e10dfc56",
                        "attributes": {
                            "access_ip_v4": "192.52.3.231",
                            "access_ip_v6": "[2001:7c0:100:1105:f816:3eff:fed0:73df]",
                            "all_metadata.%": "0",
                            "availability_zone": "nova",
                            "flavor_id": "5858ff68-f9dd-4a6d-8fb4-4957c58e52f7",
                            "flavor_name": "m1.tiny",
                            "force_delete": "false",
                            "id": "5345b7fc-a924-4721-a82d-48e8e10dfc56",
                            "image_id": "80445a2e-2f6e-433b-92e6-fde6137e138b",
                            "image_name": "vggp-v29-j44-aec7827deba9-pulsar",
                            "key_pair": "cloud2",
                            "name": "pub2test-nfs.usegalaxy.eu",
                            "network.#": "1",
                            "network.0.access_network": "false",
                            "network.0.fixed_ip_v4": "192.52.3.231",
                            "network.0.fixed_ip_v6": "[2001:7c0:100:1105:f816:3eff:fed0:73df]",
                            "network.0.floating_ip": "",
                            "network.0.mac": "fa:16:3e:d0:73:df",
                            "network.0.name": "public2",
                            "network.0.port": "",
                            "network.0.uuid": "913b20eb-123f-4e23-a740-ef2f5c1d28a4",
                            "region": "Freiburg",
                            "security_groups.#": "1",
                            "security_groups.1008216875": "Public",
                            "stop_before_destroy": "false",
                            "user_data": "fd9cf86e80fd94bafa03dbbb9c0396cb963b21c8"
                        },
                        "meta": {
                            "e2bfb730-ecaa-11e6-8f88-34363bc7c4c0": {
                                "create": 1800000000000,
                                "delete": 1800000000000,
                                "update": 1800000000000
                            }
                        },
                        "tainted": false
                    },
                    "deposed": [],
                    "provider": "provider.openstack"
                }
            },
            "depends_on": []
        }
    ]
}
