{
    "version": 3,
    "terraform_version": "0.11.7",
    "serial": 18,
    "lineage": "ddc62ad9-1c94-4edc-c8e4-b217ae84a43e",
    "modules": [
        {
            "path": [
                "root"
            ],
            "outputs": {},
            "resources": {
                "openstack_networking_secgroup_v2.Gilsbach_webserver": {
                    "type": "openstack_networking_secgroup_v2",
                    "depends_on": [],
                    "primary": {
                        "id": "906cdf96-193f-4ad9-a844-f26cb6a544b3",
                        "attributes": {
                            "description": "Open port 8080 and 8081.",
                            "id": "906cdf96-193f-4ad9-a844-f26cb6a544b3",
                            "name": "Gilsbach webserver",
                            "region": "Freiburg",
                            "tenant_id": "b220135d682541ec92eb37df270bddca"
                        },
                        "meta": {},
                        "tainted": false
                    },
                    "deposed": [],
                    "provider": "provider.openstack"
                },
                "openstack_networking_secgroup_v2.Public": {
                    "type": "openstack_networking_secgroup_v2",
                    "depends_on": [],
                    "primary": {
                        "id": "d7da087d-70c6-4ec5-844a-e2f948705665",
                        "attributes": {
                            "description": "",
                            "id": "d7da087d-70c6-4ec5-844a-e2f948705665",
                            "name": "Public",
                            "region": "Freiburg",
                            "tenant_id": "b220135d682541ec92eb37df270bddca"
                        },
                        "meta": {},
                        "tainted": false
                    },
                    "deposed": [],
                    "provider": "provider.openstack"
                },
                "openstack_networking_secgroup_v2.default": {
                    "type": "openstack_networking_secgroup_v2",
                    "depends_on": [],
                    "primary": {
                        "id": "1589c5ba-e231-4c9e-bd3b-bc485609c11a",
                        "attributes": {
                            "description": "Default security group",
                            "id": "1589c5ba-e231-4c9e-bd3b-bc485609c11a",
                            "name": "default",
                            "region": "Freiburg",
                            "tenant_id": "b220135d682541ec92eb37df270bddca"
                        },
                        "meta": {},
                        "tainted": false
                    },
                    "deposed": [],
                    "provider": "provider.openstack"
                },
                "openstack_networking_secgroup_v2.egress": {
                    "type": "openstack_networking_secgroup_v2",
                    "depends_on": [],
                    "primary": {
                        "id": "917b5685-8bd8-4d7c-8ece-bc3194a4cc13",
                        "attributes": {
                            "description": "Default egress profile",
                            "id": "917b5685-8bd8-4d7c-8ece-bc3194a4cc13",
                            "name": "egress",
                            "region": "Freiburg",
                            "tenant_id": "b220135d682541ec92eb37df270bddca"
                        },
                        "meta": {},
                        "tainted": false
                    },
                    "deposed": [],
                    "provider": "provider.openstack"
                },
                "openstack_networking_secgroup_v2.egress-public": {
                    "type": "openstack_networking_secgroup_v2",
                    "depends_on": [],
                    "primary": {
                        "id": "85495128-f3ab-4b37-a948-7f7851a823c5",
                        "attributes": {
                            "description": "Allow any outgoing connection",
                            "id": "85495128-f3ab-4b37-a948-7f7851a823c5",
                            "name": "egress-public",
                            "region": "Freiburg",
                            "tenant_id": "b220135d682541ec92eb37df270bddca"
                        },
                        "meta": {},
                        "tainted": false
                    },
                    "deposed": [],
                    "provider": "provider.openstack"
                },
                "openstack_networking_secgroup_v2.ingress-public": {
                    "type": "openstack_networking_secgroup_v2",
                    "depends_on": [],
                    "primary": {
                        "id": "13cdd7d7-92ea-40cc-ab09-d21c528df56a",
                        "attributes": {
                            "description": "Allow any incoming connection",
                            "id": "13cdd7d7-92ea-40cc-ab09-d21c528df56a",
                            "name": "ingress-public",
                            "region": "Freiburg",
                            "tenant_id": "b220135d682541ec92eb37df270bddca"
                        },
                        "meta": {},
                        "tainted": false
                    },
                    "deposed": [],
                    "provider": "provider.openstack"
                },
                "openstack_networking_secgroup_v2.public-influxdb": {
                    "type": "openstack_networking_secgroup_v2",
                    "depends_on": [],
                    "primary": {
                        "id": "2d58330a-1ae4-4ade-bc4f-8a812b9952cb",
                        "attributes": {
                            "description": "Allow public HTTP(s) connections to port 8086",
                            "id": "2d58330a-1ae4-4ade-bc4f-8a812b9952cb",
                            "name": "public-influxdb",
                            "region": "Freiburg",
                            "tenant_id": "b220135d682541ec92eb37df270bddca"
                        },
                        "meta": {},
                        "tainted": false
                    },
                    "deposed": [],
                    "provider": "provider.openstack"
                },
                "openstack_networking_secgroup_v2.public-irc": {
                    "type": "openstack_networking_secgroup_v2",
                    "depends_on": [],
                    "primary": {
                        "id": "236f1f27-bb99-4c39-8bfc-6d40cf5a205d",
                        "attributes": {
                            "description": "",
                            "id": "236f1f27-bb99-4c39-8bfc-6d40cf5a205d",
                            "name": "public-irc",
                            "region": "Freiburg",
                            "tenant_id": "b220135d682541ec92eb37df270bddca"
                        },
                        "meta": {},
                        "tainted": false
                    },
                    "deposed": [],
                    "provider": "provider.openstack"
                },
                "openstack_networking_secgroup_v2.public-mosh": {
                    "type": "openstack_networking_secgroup_v2",
                    "depends_on": [],
                    "primary": {
                        "id": "6c44efa0-b50c-4a63-ad03-054587dcabf5",
                        "attributes": {
                            "description": "public-mosh",
                            "id": "6c44efa0-b50c-4a63-ad03-054587dcabf5",
                            "name": "public-mosh",
                            "region": "Freiburg",
                            "tenant_id": "b220135d682541ec92eb37df270bddca"
                        },
                        "meta": {},
                        "tainted": false
                    },
                    "deposed": [],
                    "provider": "provider.openstack"
                },
                "openstack_networking_secgroup_v2.public-ping": {
                    "type": "openstack_networking_secgroup_v2",
                    "depends_on": [],
                    "primary": {
                        "id": "9006f977-6d63-4be8-9867-2d7b3726fec5",
                        "attributes": {
                            "description": "Allow pinging the node to the public",
                            "id": "9006f977-6d63-4be8-9867-2d7b3726fec5",
                            "name": "public-ping",
                            "region": "Freiburg",
                            "tenant_id": "b220135d682541ec92eb37df270bddca"
                        },
                        "meta": {},
                        "tainted": false
                    },
                    "deposed": [],
                    "provider": "provider.openstack"
                },
                "openstack_networking_secgroup_v2.public-ssh": {
                    "type": "openstack_networking_secgroup_v2",
                    "depends_on": [],
                    "primary": {
                        "id": "dcdd81bf-3552-4279-8e80-51b506555628",
                        "attributes": {
                            "description": "Allow SSH connections from anywhere",
                            "id": "dcdd81bf-3552-4279-8e80-51b506555628",
                            "name": "public-ssh",
                            "region": "Freiburg",
                            "tenant_id": "b220135d682541ec92eb37df270bddca"
                        },
                        "meta": {},
                        "tainted": false
                    },
                    "deposed": [],
                    "provider": "provider.openstack"
                },
                "openstack_networking_secgroup_v2.public-web": {
                    "type": "openstack_networking_secgroup_v2",
                    "depends_on": [],
                    "primary": {
                        "id": "5d677264-7b81-4ac6-a860-d1f123bc7860",
                        "attributes": {
                            "description": "Allow public HTTP + HTTPS connections",
                            "id": "5d677264-7b81-4ac6-a860-d1f123bc7860",
                            "name": "public-web",
                            "region": "Freiburg",
                            "tenant_id": "b220135d682541ec92eb37df270bddca"
                        },
                        "meta": {},
                        "tainted": false
                    },
                    "deposed": [],
                    "provider": "provider.openstack"
                },
                "openstack_networking_secgroup_v2.secgroup_1": {
                    "type": "openstack_networking_secgroup_v2",
                    "depends_on": [],
                    "primary": {
                        "id": "d034ebc3-35df-4ada-b6b2-97691a67db01",
                        "attributes": {
                            "description": "a security group",
                            "id": "d034ebc3-35df-4ada-b6b2-97691a67db01",
                            "name": "secgroup_1",
                            "region": "Freiburg",
                            "tenant_id": "b220135d682541ec92eb37df270bddca"
                        },
                        "meta": {},
                        "tainted": false
                    },
                    "deposed": [],
                    "provider": "provider.openstack"
                },
                "openstack_networking_secgroup_v2.ufr-ingress": {
                    "type": "openstack_networking_secgroup_v2",
                    "depends_on": [],
                    "primary": {
                        "id": "dc8441e5-a0d4-4ae4-b36b-8ade9676eee8",
                        "attributes": {
                            "description": "Ingress connections from any UFR networks",
                            "id": "dc8441e5-a0d4-4ae4-b36b-8ade9676eee8",
                            "name": "ufr-ingress",
                            "region": "Freiburg",
                            "tenant_id": "b220135d682541ec92eb37df270bddca"
                        },
                        "meta": {},
                        "tainted": false
                    },
                    "deposed": [],
                    "provider": "provider.openstack"
                },
                "openstack_networking_secgroup_v2.ufr-only-v2": {
                    "type": "openstack_networking_secgroup_v2",
                    "depends_on": [],
                    "primary": {
                        "id": "dd470f4c-db50-44ca-8cf9-ffa3f626011c",
                        "attributes": {
                            "description": "New ingress connections allowed only from UFR networks",
                            "id": "dd470f4c-db50-44ca-8cf9-ffa3f626011c",
                            "name": "ufr-only-v2",
                            "region": "Freiburg",
                            "tenant_id": "b220135d682541ec92eb37df270bddca"
                        },
                        "meta": {},
                        "tainted": false
                    },
                    "deposed": [],
                    "provider": "provider.openstack"
                },
                "openstack_networking_secgroup_v2.ufr-ssh": {
                    "type": "openstack_networking_secgroup_v2",
                    "depends_on": [],
                    "primary": {
                        "id": "33d3706b-6845-40cf-a215-e3dac6477068",
                        "attributes": {
                            "description": "Ingress SSH connections for UFR networks (e.g. combine with public-web/public-ping)",
                            "id": "33d3706b-6845-40cf-a215-e3dac6477068",
                            "name": "ufr-ssh",
                            "region": "Freiburg",
                            "tenant_id": "b220135d682541ec92eb37df270bddca"
                        },
                        "meta": {},
                        "tainted": false
                    },
                    "deposed": [],
                    "provider": "provider.openstack"
                },
                "openstack_networking_secgroup_v2.vgcn-egress-public": {
                    "type": "openstack_networking_secgroup_v2",
                    "depends_on": [],
                    "primary": {
                        "id": "7f31a707-15be-4f48-9c75-d0bfff720b8d",
                        "attributes": {
                            "description": "Allow any outgoing connection",
                            "id": "7f31a707-15be-4f48-9c75-d0bfff720b8d",
                            "name": "vgcn-egress-public",
                            "region": "Freiburg",
                            "tenant_id": "b220135d682541ec92eb37df270bddca"
                        },
                        "meta": {},
                        "tainted": false
                    },
                    "deposed": [],
                    "provider": "provider.openstack"
                },
                "openstack_networking_secgroup_v2.vgcn-ingress-public": {
                    "type": "openstack_networking_secgroup_v2",
                    "depends_on": [],
                    "primary": {
                        "id": "7c947011-65ae-4f1c-a6e7-010092843de8",
                        "attributes": {
                            "description": "Allow any incoming connection",
                            "id": "7c947011-65ae-4f1c-a6e7-010092843de8",
                            "name": "vgcn-ingress-public",
                            "region": "Freiburg",
                            "tenant_id": "b220135d682541ec92eb37df270bddca"
                        },
                        "meta": {},
                        "tainted": false
                    },
                    "deposed": [],
                    "provider": "provider.openstack"
                }
            },
            "depends_on": []
        }
    ]
}
