{
    "version": 3,
    "terraform_version": "0.11.7",
    "serial": 77,
    "lineage": "ddc62ad9-1c94-4edc-c8e4-b217ae84a43e",
    "modules": [
        {
            "path": [
                "root"
            ],
            "outputs": {},
            "resources": {
                "openstack_compute_instance_v2.apollo": {
                    "type": "openstack_compute_instance_v2",
                    "depends_on": [],
                    "primary": {
                        "id": "eb9ff2b8-0ce7-4d1e-9cc7-a72e9bbca29a",
                        "attributes": {
                            "access_ip_v4": "192.52.3.214",
                            "access_ip_v6": "[2001:7c0:100:1105:f816:3eff:fe26:8ab0]",
                            "all_metadata.%": "0",
                            "availability_zone": "nova",
                            "flavor_id": "59ed33d8-08b9-4dbb-a9ca-2b56c4d372b8",
                            "flavor_name": "m1.large",
                            "force_delete": "false",
                            "id": "eb9ff2b8-0ce7-4d1e-9cc7-a72e9bbca29a",
                            "image_id": "0bd53c04-118c-43c7-bdff-c417eea0556a",
                            "image_name": "CentOS Server 7 RAW",
                            "key_pair": "cloud2",
                            "name": "apollo.usegalaxy.eu",
                            "network.#": "2",
                            "network.0.access_network": "false",
                            "network.0.fixed_ip_v4": "192.52.2.214",
                            "network.0.fixed_ip_v6": "[2001:7c0:100:1105:f816:3eff:fe26:8ab0]",
                            "network.0.floating_ip": "",
                            "network.0.mac": "fa:16:3e:26:8a:b0",
                            "network.0.name": "galaxy-net",
                            "network.0.port": "",
                            "network.0.uuid": "79651674-2158-4fb7-b6af-6513913b4b04",
                            "network.1.access_network": "false",
                            "network.1.fixed_ip_v4": "192.52.3.214",
                            "network.1.fixed_ip_v6": "[2001:7c0:100:1105:f816:3eff:fe26:8ab0]",
                            "network.1.floating_ip": "",
                            "network.1.mac": "fa:16:3e:26:8a:b0",
                            "network.1.name": "public",
                            "network.1.port": "",
                            "network.1.uuid": "26d194b0-fb56-4585-8f19-ef062bb7ef03",
                            "region": "Freiburg",
                            "security_groups.#": "5",
                            "security_groups.1008216875": "Public",
                            "security_groups.2162032504": "egress",
                            "security_groups.3285375897": "public-ssh",
                            "security_groups.3717909635": "public-ping",
                            "security_groups.504312015": "egress-public",
                            "security_groups.92454976": "ingress-public",
                            "security_groups.949366668": "public-web",
                            "stop_before_destroy": "false"
                        },
                        "meta": {
                            "e2bfb730-ecaa-11e6-8f88-34363bc7c4c0": {
                                "create": 1800000000000,
                                "delete": 1800000000000,
                                "update": 1800000000000
                            }
                        },
                        "tainted": false
                    },
                    "deposed": [],
                    "provider": "provider.openstack"
                },
                "openstack_compute_instance_v2.vault-server": {
                    "type": "openstack_compute_instance_v2",
                    "depends_on": [],
                    "primary": {
                        "id": "063a0f95-9379-4a7c-934b-d009c4d77b46",
                        "attributes": {
                            "access_ip_v4": "192.52.3.214",
                            "access_ip_v6": "[2001:7c0:100:1105:f816:3eff:fe26:8ab0]",
                            "all_metadata.%": "0",
                            "availability_zone": "nova",
                            "flavor_id": "5858ff68-f9dd-4a6d-8fb4-4957c58e52f7",
                            "flavor_name": "m1.tiny",
                            "force_delete": "false",
                            "id": "063a0f95-9379-4a7c-934b-d009c4d77b46",
                            "image_id": "0bd53c04-118c-43c7-bdff-c417eea0556a",
                            "image_name": "CentOS Server 7 RAW",
                            "key_pair": "cloud2",
                            "name": "vault.usegalaxy.eu",
                            "network.#": "1",
                            "network.0.access_network": "false",
                            "network.0.fixed_ip_v4": "192.52.3.214",
                            "network.0.fixed_ip_v6": "[2001:7c0:100:1105:f816:3eff:fe26:8ab0]",
                            "network.0.floating_ip": "",
                            "network.0.mac": "fa:16:3e:26:8a:b0",
                            "network.0.name": "public2",
                            "network.0.port": "",
                            "network.0.uuid": "913b20eb-123f-4e23-a740-ef2f5c1d28a4",
                            "region": "Freiburg",
                            "security_groups.#": "2",
                            "security_groups.504312015": "egress-public",
                            "security_groups.92454976": "ingress-public",
                            "stop_before_destroy": "false"
                        },
                        "meta": {
                            "e2bfb730-ecaa-11e6-8f88-34363bc7c4c0": {
                                "create": 1800000000000,
                                "delete": 1800000000000,
                                "update": 1800000000000
                            }
                        },
                        "tainted": false
                    },
                    "deposed": [],
                    "provider": "provider.openstack"
                }
            },
            "depends_on": []
        }
    ]
}
