{
    "version": 3,
    "terraform_version": "0.11.7",
    "serial": 75,
    "lineage": "ddc62ad9-1c94-4edc-c8e4-b217ae84a43e",
    "modules": [
        {
            "path": [
                "root"
            ],
            "outputs": {},
            "resources": {
                "openstack_compute_keypair_v2.cloud2": {
                    "type": "openstack_compute_keypair_v2",
                    "depends_on": [],
                    "primary": {
                        "id": "cloud2",
                        "attributes": {
                            "fingerprint": "4a:72:2c:7e:d2:b7:f2:c4:5a:9e:bb:ca:c7:8f:d7:a3",
                            "id": "cloud2",
                            "name": "cloud2",
                            "public_key": "ssh-rsa AAAAB3NzaC1yc2EAAAADAQABAAACAQDV7gfNbNN5O8vH6/tM/iOFXKBP2YKRHXOmdfV8ogvu9BdVV0IPmDzk2EooVpThDE1VMv1hz3811tvBhHRJ6IgNhVIV/61w/+RazQD/AU27X8bX+Hb9EQ/bP4DW+6ySd/z5vdDLzpH5dbiMhzPEDkXVsylUT+hkQnas6cHspDhHmtKQ5MWOgDe3D/IEudTDJQe8hxxaU4TaZUmFzn7eYp9HvuK8qW0yCy4NWOxJJHA+G5wSCyLuKnaKo4AitUIzSKF1AB94oq7b96KONhPxgRptAk4OYIUTdNFbrI5HDaSNzHLnF5FbjQvG+Eu6m5nY5yvJMogE+jiuWeIXCZTCFljg287FUo0ohmbZpd802L6VXun14VumRC+rRgPrvBALo/CsyCsPIoBSTKhVElxKVOcRjmTLNfrUZM0GQxqJhIvah8BV+JTExkipPwkrKTdMAWIXvCoehxV+WMpBWqtEEzAzEoqJpaiec7HfriwsHTGESZWAPYEbFjzbHXQZtqBkbOvtokPMRmTWfWKxaplCMN6ddJeeY6faorD0w/e6lszWES1Q1ieajiPKDy37UvybKKvPTk4o3MzyzYOS4c8HQj+jnGeR5Q3ETuyz4psLyOfuBtIrfOeuxV42rFDmkYM3IrrRR+F9oklFG6Ig8DVfgQEzSG36NkgvpF4OdFvigYqXvw== cloud@vgcn",
                            "region": "Freiburg"
                        },
                        "meta": {},
                        "tainted": false
                    },
                    "deposed": [],
                    "provider": "provider.openstack"
                },
                "openstack_compute_keypair_v2.fabio": {
                    "type": "openstack_compute_keypair_v2",
                    "depends_on": [],
                    "primary": {
                        "id": "fabio",
                        "attributes": {
                            "fingerprint": "24:9b:a9:1c:d6:e3:db:20:6c:09:56:bb:39:8f:67:14",
                            "id": "fabio",
                            "name": "fabio",
                            "public_key": "ssh-rsa AAAAB3NzaC1yc2EAAAADAQABAAABAQC5E41At/B9sdaI5uZDnph2KIZcDvC7l45idBjPB3maq+mYH5RXGzpGzm9wp1p1NmcMjKbZ+ZsBR1hZt+htYVlW8PJs/xaV6/HWl/n6zmW1c6mCbnhEEb2uvJ+bpKKK4E9HJE8PwgbT5Gtm0JRNCLl8xuMLZE9rc1Fh4wqvP3G7oc1ij0auIduIWicPdsVqv3AX3ZlD73QeesOo41dgWumkKN4FSIiIjhwGrul17PV2YDOxJmV2PvIQAGG8le/qc/O+tnvha8xAQNaJSl0oUFeHmTkDKNLZRl6MDXUE7sHFaf0G1GQLPcnZQlb3iEZuaa7pOaexPhkUhlsmsWnkEH6P fabio@Fabios-MacBook.lan",
                            "region": "Freiburg"
                        },
                        "meta": {},
                        "tainted": false
                    },
                    "deposed": [],
                    "provider": "provider.openstack"
                },
                "openstack_compute_keypair_v2.jenkins": {
                    "type": "openstack_compute_keypair_v2",
                    "depends_on": [],
                    "primary": {
                        "id": "jenkins",
                        "attributes": {
                            "fingerprint": "9a:67:f4:d5:ee:41:3c:4e:4b:f6:ba:40:a3:8d:a9:5a",
                            "id": "jenkins",
                            "name": "jenkins",
                            "public_key": "ssh-rsa AAAAB3NzaC1yc2EAAAADAQABAAABAQCijQFI17q5aExREX95V3r66c2OAp3MdWrLplDVy6Pfvfy8gINHLobtpO/tBxEtxvm/L6cTtiBKCHpwWkVLp+1Z6gpJumtITJXRkFbPUsFiOVbdgprwCbxD9J40RUxrD1Zz+hqbBiDuSttfc82Zzzh2vvYazHpzLgPHEeh+9a6IdbFbRIvf1FgdUoR1hUMmcHdAdvwrsLXaN0ZYa/XlAp+JPFAqZjL8HCiko3kMOq329thZJBEPBUdYE6IVrIke4uff1ONObnmaJYtburd8Z0bwaYNYbIce5yYH/V/oNAFUgL+mp55U+IJD4ju0gRbzR/ibc/E2yrdLXHGIY2z7hDZv jenkins@jenkins.denbi.uni-freiburg.de",
                            "region": "Freiburg"
                        },
                        "meta": {},
                        "tainted": false
                    },
                    "deposed": [],
                    "provider": "provider.openstack"
                },
                "openstack_compute_keypair_v2.leda": {
                    "type": "openstack_compute_keypair_v2",
                    "depends_on": [],
                    "primary": {
                        "id": "leda",
                        "attributes": {
                            "fingerprint": "a7:ca:9d:64:e0:f4:27:1d:ae:46:4f:fd:b5:83:f4:c8",
                            "id": "leda",
                            "name": "leda",
                            "public_key": "ssh-rsa AAAAB3NzaC1yc2EAAAADAQABAAACAQC3+qyO/LFIlfET+TMTvgRy8VjR+oIBUIi2Yh4ZiRgYDobfOPOxjC/aobcBra7r4Kar7BEkIncAUIbcyb5uoBVkYCNHCDsVXVh5EuqLPNIaCYRtoMdho16NKeeeI2o+F3V/PyuBOifk4XRde3nI2s5N3xAcqjAO0lKc77OfESredxH9cEwBINw2ioiC1kjMVl9C+hrObnSU3Jirt0jrsPYSCkuaRFcc3JPKZHBN+RnZxoqp+jrPUY/o0ekHwXXHjoHcMd8cuqGEgd4U346gYkIQa9sAl2v6n2bByCmNE2lKrtCCK+uad+u1LnrhwYmPmGPGzPL69QWXvuNCRfH8Xtt3PpCNdNwKOpVRm0DvgvJMgb6qsIAMUYVGwmZFj+CECrD3+eoR0L70VQ6UTTjiolrV5SQRf+iYzj1h9KEjbSqKr+Ya4IQUajz/SdmuIVfqVQJFwZup1JXIOxpy5e+1gOKWV2u61ScnrCzJXaETPdzysxdufvMXz4TsM/9ekI7yEbDSwPf8p5RiC1RbcMxbkca9x1jd+Z0P7891kSOYyQy2xnA41hkuBwOzB99wLhYNc8cvqCG8pTOkgi2QSQCyb/Q7YL3g0GrQ8EhYLY4J1/du38lE6t8OLbCeGRRVjzyb+aFsgBO35GJA6a5d/gtS/nQgjWbv/GV4jDVc6DwkCZrCwQ== hxr@leda",
                            "region": "Freiburg"
                        },
                        "meta": {},
                        "tainted": false
                    },
                    "deposed": [],
                    "provider": "provider.openstack"
                },
                "openstack_networking_secgroup_rule_v2.00914113-bb06-4862-84f4-fec30b168565": {
                    "type": "openstack_networking_secgroup_rule_v2",
                    "depends_on": [],
                    "primary": {
                        "id": "00914113-bb06-4862-84f4-fec30b168565",
                        "attributes": {
                            "direction": "egress",
                            "ethertype": "IPv6",
                            "id": "00914113-bb06-4862-84f4-fec30b168565",
                            "port_range_max": "0",
                            "port_range_min": "0",
                            "protocol": "",
                            "region": "Freiburg",
                            "remote_group_id": "",
                            "remote_ip_prefix": "",
                            "security_group_id": "917b5685-8bd8-4d7c-8ece-bc3194a4cc13",
                            "tenant_id": "b220135d682541ec92eb37df270bddca"
                        },
                        "meta": {},
                        "tainted": false
                    },
                    "deposed": [],
                    "provider": "provider.openstack"
                },
                "openstack_networking_secgroup_rule_v2.05135b3c-2cbf-4892-a5c6-f95bb539beb1": {
                    "type": "openstack_networking_secgroup_rule_v2",
                    "depends_on": [],
                    "primary": {
                        "id": "05135b3c-2cbf-4892-a5c6-f95bb539beb1",
                        "attributes": {
                            "direction": "ingress",
                            "ethertype": "IPv4",
                            "id": "05135b3c-2cbf-4892-a5c6-f95bb539beb1",
                            "port_range_max": "3389",
                            "port_range_min": "3389",
                            "protocol": "tcp",
                            "region": "Freiburg",
                            "remote_group_id": "",
                            "remote_ip_prefix": "0.0.0.0/0",
                            "security_group_id": "d7da087d-70c6-4ec5-844a-e2f948705665",
                            "tenant_id": "b220135d682541ec92eb37df270bddca"
                        },
                        "meta": {},
                        "tainted": false
                    },
                    "deposed": [],
                    "provider": "provider.openstack"
                },
                "openstack_networking_secgroup_rule_v2.05417db9-0d12-4453-acdc-08512350f1c3": {
                    "type": "openstack_networking_secgroup_rule_v2",
                    "depends_on": [],
                    "primary": {
                        "id": "05417db9-0d12-4453-acdc-08512350f1c3",
                        "attributes": {
                            "direction": "egress",
                            "ethertype": "IPv6",
                            "id": "05417db9-0d12-4453-acdc-08512350f1c3",
                            "port_range_max": "0",
                            "port_range_min": "0",
                            "protocol": "",
                            "region": "Freiburg",
                            "remote_group_id": "",
                            "remote_ip_prefix": "",
                            "security_group_id": "7f31a707-15be-4f48-9c75-d0bfff720b8d",
                            "tenant_id": "b220135d682541ec92eb37df270bddca"
                        },
                        "meta": {},
                        "tainted": false
                    },
                    "deposed": [],
                    "provider": "provider.openstack"
                },
                "openstack_networking_secgroup_rule_v2.0f66ecb7-4fe5-4a46-93ef-bef29ad75879": {
                    "type": "openstack_networking_secgroup_rule_v2",
                    "depends_on": [],
                    "primary": {
                        "id": "0f66ecb7-4fe5-4a46-93ef-bef29ad75879",
                        "attributes": {
                            "direction": "egress",
                            "ethertype": "IPv4",
                            "id": "0f66ecb7-4fe5-4a46-93ef-bef29ad75879",
                            "port_range_max": "0",
                            "port_range_min": "0",
                            "protocol": "",
                            "region": "Freiburg",
                            "remote_group_id": "",
                            "remote_ip_prefix": "",
                            "security_group_id": "dd470f4c-db50-44ca-8cf9-ffa3f626011c",
                            "tenant_id": "b220135d682541ec92eb37df270bddca"
                        },
                        "meta": {},
                        "tainted": false
                    },
                    "deposed": [],
                    "provider": "provider.openstack"
                },
                "openstack_networking_secgroup_rule_v2.2226f6db-dbd6-435f-86cf-fe8e898c7bc0": {
                    "type": "openstack_networking_secgroup_rule_v2",
                    "depends_on": [],
                    "primary": {
                        "id": "2226f6db-dbd6-435f-86cf-fe8e898c7bc0",
                        "attributes": {
                            "direction": "ingress",
                            "ethertype": "IPv4",
                            "id": "2226f6db-dbd6-435f-86cf-fe8e898c7bc0",
                            "port_range_max": "0",
                            "port_range_min": "0",
                            "protocol": "",
                            "region": "Freiburg",
                            "remote_group_id": "",
                            "remote_ip_prefix": "",
                            "security_group_id": "7c947011-65ae-4f1c-a6e7-010092843de8",
                            "tenant_id": "b220135d682541ec92eb37df270bddca"
                        },
                        "meta": {},
                        "tainted": false
                    },
                    "deposed": [],
                    "provider": "provider.openstack"
                },
                "openstack_networking_secgroup_rule_v2.225accee-6cb6-48c5-9556-d60b19b2750f": {
                    "type": "openstack_networking_secgroup_rule_v2",
                    "depends_on": [],
                    "primary": {
                        "id": "225accee-6cb6-48c5-9556-d60b19b2750f",
                        "attributes": {
                            "direction": "ingress",
                            "ethertype": "IPv4",
                            "id": "225accee-6cb6-48c5-9556-d60b19b2750f",
                            "port_range_max": "0",
                            "port_range_min": "0",
                            "protocol": "",
                            "region": "Freiburg",
                            "remote_group_id": "",
                            "remote_ip_prefix": "192.52.2.0/24",
                            "security_group_id": "dd470f4c-db50-44ca-8cf9-ffa3f626011c",
                            "tenant_id": "b220135d682541ec92eb37df270bddca"
                        },
                        "meta": {},
                        "tainted": false
                    },
                    "deposed": [],
                    "provider": "provider.openstack"
                },
                "openstack_networking_secgroup_rule_v2.27112953-8082-4a9a-8726-eeb6d9c86b79": {
                    "type": "openstack_networking_secgroup_rule_v2",
                    "depends_on": [],
                    "primary": {
                        "id": "27112953-8082-4a9a-8726-eeb6d9c86b79",
                        "attributes": {
                            "direction": "ingress",
                            "ethertype": "IPv4",
                            "id": "27112953-8082-4a9a-8726-eeb6d9c86b79",
                            "port_range_max": "22",
                            "port_range_min": "22",
                            "protocol": "tcp",
                            "region": "Freiburg",
                            "remote_group_id": "",
                            "remote_ip_prefix": "132.230.0.0/16",
                            "security_group_id": "33d3706b-6845-40cf-a215-e3dac6477068",
                            "tenant_id": "b220135d682541ec92eb37df270bddca"
                        },
                        "meta": {},
                        "tainted": false
                    },
                    "deposed": [],
                    "provider": "provider.openstack"
                },
                "openstack_networking_secgroup_rule_v2.28200afa-3a70-492c-bf80-b000eef55f0a": {
                    "type": "openstack_networking_secgroup_rule_v2",
                    "depends_on": [],
                    "primary": {
                        "id": "28200afa-3a70-492c-bf80-b000eef55f0a",
                        "attributes": {
                            "direction": "ingress",
                            "ethertype": "IPv4",
                            "id": "28200afa-3a70-492c-bf80-b000eef55f0a",
                            "port_range_max": "8081",
                            "port_range_min": "8081",
                            "protocol": "tcp",
                            "region": "Freiburg",
                            "remote_group_id": "",
                            "remote_ip_prefix": "0.0.0.0/0",
                            "security_group_id": "906cdf96-193f-4ad9-a844-f26cb6a544b3",
                            "tenant_id": "b220135d682541ec92eb37df270bddca"
                        },
                        "meta": {},
                        "tainted": false
                    },
                    "deposed": [],
                    "provider": "provider.openstack"
                },
                "openstack_networking_secgroup_rule_v2.35e1a542-d19e-435d-8a49-e8233f38711f": {
                    "type": "openstack_networking_secgroup_rule_v2",
                    "depends_on": [],
                    "primary": {
                        "id": "35e1a542-d19e-435d-8a49-e8233f38711f",
                        "attributes": {
                            "direction": "ingress",
                            "ethertype": "IPv6",
                            "id": "35e1a542-d19e-435d-8a49-e8233f38711f",
                            "port_range_max": "0",
                            "port_range_min": "0",
                            "protocol": "",
                            "region": "Freiburg",
                            "remote_group_id": "",
                            "remote_ip_prefix": "",
                            "security_group_id": "7c947011-65ae-4f1c-a6e7-010092843de8",
                            "tenant_id": "b220135d682541ec92eb37df270bddca"
                        },
                        "meta": {},
                        "tainted": false
                    },
                    "deposed": [],
                    "provider": "provider.openstack"
                },
                "openstack_networking_secgroup_rule_v2.40047dc3-cf90-4d66-ade4-5c281ea03a9c": {
                    "type": "openstack_networking_secgroup_rule_v2",
                    "depends_on": [],
                    "primary": {
                        "id": "40047dc3-cf90-4d66-ade4-5c281ea03a9c",
                        "attributes": {
                            "direction": "ingress",
                            "ethertype": "IPv4",
                            "id": "40047dc3-cf90-4d66-ade4-5c281ea03a9c",
                            "port_range_max": "0",
                            "port_range_min": "0",
                            "protocol": "",
                            "region": "Freiburg",
                            "remote_group_id": "",
                            "remote_ip_prefix": "192.52.3.0/24",
                            "security_group_id": "dc8441e5-a0d4-4ae4-b36b-8ade9676eee8",
                            "tenant_id": "b220135d682541ec92eb37df270bddca"
                        },
                        "meta": {},
                        "tainted": false
                    },
                    "deposed": [],
                    "provider": "provider.openstack"
                },
                "openstack_networking_secgroup_rule_v2.41156470-b6fb-48d1-950b-bcf17bf64ba2": {
                    "type": "openstack_networking_secgroup_rule_v2",
                    "depends_on": [],
                    "primary": {
                        "id": "41156470-b6fb-48d1-950b-bcf17bf64ba2",
                        "attributes": {
                            "direction": "ingress",
                            "ethertype": "IPv4",
                            "id": "41156470-b6fb-48d1-950b-bcf17bf64ba2",
                            "port_range_max": "61000",
                            "port_range_min": "60000",
                            "protocol": "tcp",
                            "region": "Freiburg",
                            "remote_group_id": "",
                            "remote_ip_prefix": "0.0.0.0/0",
                            "security_group_id": "6c44efa0-b50c-4a63-ad03-054587dcabf5",
                            "tenant_id": "b220135d682541ec92eb37df270bddca"
                        },
                        "meta": {},
                        "tainted": false
                    },
                    "deposed": [],
                    "provider": "provider.openstack"
                },
                "openstack_networking_secgroup_rule_v2.4a40a325-78a7-4ead-a1fa-4ef66ac512f6": {
                    "type": "openstack_networking_secgroup_rule_v2",
                    "depends_on": [],
                    "primary": {
                        "id": "4a40a325-78a7-4ead-a1fa-4ef66ac512f6",
                        "attributes": {
                            "direction": "egress",
                            "ethertype": "IPv4",
                            "id": "4a40a325-78a7-4ead-a1fa-4ef66ac512f6",
                            "port_range_max": "0",
                            "port_range_min": "0",
                            "protocol": "",
                            "region": "Freiburg",
                            "remote_group_id": "",
                            "remote_ip_prefix": "",
                            "security_group_id": "917b5685-8bd8-4d7c-8ece-bc3194a4cc13",
                            "tenant_id": "b220135d682541ec92eb37df270bddca"
                        },
                        "meta": {},
                        "tainted": false
                    },
                    "deposed": [],
                    "provider": "provider.openstack"
                },
                "openstack_networking_secgroup_rule_v2.4e0fa016-2dc2-488c-973f-27543158e95a": {
                    "type": "openstack_networking_secgroup_rule_v2",
                    "depends_on": [],
                    "primary": {
                        "id": "4e0fa016-2dc2-488c-973f-27543158e95a",
                        "attributes": {
                            "direction": "ingress",
                            "ethertype": "IPv4",
                            "id": "4e0fa016-2dc2-488c-973f-27543158e95a",
                            "port_range_max": "22",
                            "port_range_min": "22",
                            "protocol": "tcp",
                            "region": "Freiburg",
                            "remote_group_id": "",
                            "remote_ip_prefix": "10.0.0.0/8",
                            "security_group_id": "33d3706b-6845-40cf-a215-e3dac6477068",
                            "tenant_id": "b220135d682541ec92eb37df270bddca"
                        },
                        "meta": {},
                        "tainted": false
                    },
                    "deposed": [],
                    "provider": "provider.openstack"
                },
                "openstack_networking_secgroup_rule_v2.58293ee9-af20-4f46-8fb2-8760afb10f9a": {
                    "type": "openstack_networking_secgroup_rule_v2",
                    "depends_on": [],
                    "primary": {
                        "id": "58293ee9-af20-4f46-8fb2-8760afb10f9a",
                        "attributes": {
                            "direction": "ingress",
                            "ethertype": "IPv4",
                            "id": "58293ee9-af20-4f46-8fb2-8760afb10f9a",
                            "port_range_max": "0",
                            "port_range_min": "0",
                            "protocol": "",
                            "region": "Freiburg",
                            "remote_group_id": "",
                            "remote_ip_prefix": "10.0.0.0/8",
                            "security_group_id": "dc8441e5-a0d4-4ae4-b36b-8ade9676eee8",
                            "tenant_id": "b220135d682541ec92eb37df270bddca"
                        },
                        "meta": {},
                        "tainted": false
                    },
                    "deposed": [],
                    "provider": "provider.openstack"
                },
                "openstack_networking_secgroup_rule_v2.5b5ba328-f5f5-4930-8afb-437502e859f8": {
                    "type": "openstack_networking_secgroup_rule_v2",
                    "depends_on": [],
                    "primary": {
                        "id": "5b5ba328-f5f5-4930-8afb-437502e859f8",
                        "attributes": {
                            "direction": "ingress",
                            "ethertype": "IPv4",
                            "id": "5b5ba328-f5f5-4930-8afb-437502e859f8",
                            "port_range_max": "22",
                            "port_range_min": "22",
                            "protocol": "tcp",
                            "region": "Freiburg",
                            "remote_group_id": "",
                            "remote_ip_prefix": "10.0.0.0/8",
                            "security_group_id": "1589c5ba-e231-4c9e-bd3b-bc485609c11a",
                            "tenant_id": "b220135d682541ec92eb37df270bddca"
                        },
                        "meta": {},
                        "tainted": false
                    },
                    "deposed": [],
                    "provider": "provider.openstack"
                },
                "openstack_networking_secgroup_rule_v2.5cbd5183-8918-4d74-aa9b-302ebe813d8c": {
                    "type": "openstack_networking_secgroup_rule_v2",
                    "depends_on": [],
                    "primary": {
                        "id": "5cbd5183-8918-4d74-aa9b-302ebe813d8c",
                        "attributes": {
                            "direction": "ingress",
                            "ethertype": "IPv4",
                            "id": "5cbd5183-8918-4d74-aa9b-302ebe813d8c",
                            "port_range_max": "80",
                            "port_range_min": "80",
                            "protocol": "tcp",
                            "region": "Freiburg",
                            "remote_group_id": "",
                            "remote_ip_prefix": "0.0.0.0/0",
                            "security_group_id": "5d677264-7b81-4ac6-a860-d1f123bc7860",
                            "tenant_id": "b220135d682541ec92eb37df270bddca"
                        },
                        "meta": {},
                        "tainted": false
                    },
                    "deposed": [],
                    "provider": "provider.openstack"
                },
                "openstack_networking_secgroup_rule_v2.5cbd5183-8918-4d74-aa9b-302ebe813d8z": {
                    "type": "openstack_networking_secgroup_rule_v2",
                    "depends_on": [
                        "openstack_networking_secgroup_v2.public-web"
                    ],
                    "primary": {
                        "id": "d978b3b7-107f-4fb0-bc0e-734638e11d3b",
                        "attributes": {
                            "direction": "ingress",
                            "ethertype": "IPv6",
                            "id": "d978b3b7-107f-4fb0-bc0e-734638e11d3b",
                            "port_range_max": "80",
                            "port_range_min": "80",
                            "protocol": "tcp",
                            "region": "Freiburg",
                            "remote_group_id": "",
                            "remote_ip_prefix": "",
                            "security_group_id": "5d677264-7b81-4ac6-a860-d1f123bc7860",
                            "tenant_id": "b220135d682541ec92eb37df270bddca"
                        },
                        "meta": {
                            "e2bfb730-ecaa-11e6-8f88-34363bc7c4c0": {
                                "delete": 600000000000
                            }
                        },
                        "tainted": false
                    },
                    "deposed": [],
                    "provider": "provider.openstack"
                },
                "openstack_networking_secgroup_rule_v2.6179ae32-e3c4-4a8c-a05a-a45bdd7872f3": {
                    "type": "openstack_networking_secgroup_rule_v2",
                    "depends_on": [],
                    "primary": {
                        "id": "6179ae32-e3c4-4a8c-a05a-a45bdd7872f3",
                        "attributes": {
                            "direction": "ingress",
                            "ethertype": "IPv4",
                            "id": "6179ae32-e3c4-4a8c-a05a-a45bdd7872f3",
                            "port_range_max": "6667",
                            "port_range_min": "6667",
                            "protocol": "tcp",
                            "region": "Freiburg",
                            "remote_group_id": "",
                            "remote_ip_prefix": "0.0.0.0/0",
                            "security_group_id": "236f1f27-bb99-4c39-8bfc-6d40cf5a205d",
                            "tenant_id": "b220135d682541ec92eb37df270bddca"
                        },
                        "meta": {},
                        "tainted": false
                    },
                    "deposed": [],
                    "provider": "provider.openstack"
                },
                "openstack_networking_secgroup_rule_v2.64b3260d-30a7-43b6-a4ae-06fcadb0791f": {
                    "type": "openstack_networking_secgroup_rule_v2",
                    "depends_on": [],
                    "primary": {
                        "id": "64b3260d-30a7-43b6-a4ae-06fcadb0791f",
                        "attributes": {
                            "direction": "egress",
                            "ethertype": "IPv6",
                            "id": "64b3260d-30a7-43b6-a4ae-06fcadb0791f",
                            "port_range_max": "0",
                            "port_range_min": "0",
                            "protocol": "",
                            "region": "Freiburg",
                            "remote_group_id": "",
                            "remote_ip_prefix": "",
                            "security_group_id": "1589c5ba-e231-4c9e-bd3b-bc485609c11a",
                            "tenant_id": "b220135d682541ec92eb37df270bddca"
                        },
                        "meta": {},
                        "tainted": false
                    },
                    "deposed": [],
                    "provider": "provider.openstack"
                },
                "openstack_networking_secgroup_rule_v2.66846d2b-67df-4ab6-bbda-5b38cb942c0f": {
                    "type": "openstack_networking_secgroup_rule_v2",
                    "depends_on": [],
                    "primary": {
                        "id": "66846d2b-67df-4ab6-bbda-5b38cb942c0f",
                        "attributes": {
                            "direction": "ingress",
                            "ethertype": "IPv4",
                            "id": "66846d2b-67df-4ab6-bbda-5b38cb942c0f",
                            "port_range_max": "8080",
                            "port_range_min": "8080",
                            "protocol": "tcp",
                            "region": "Freiburg",
                            "remote_group_id": "",
                            "remote_ip_prefix": "0.0.0.0/0",
                            "security_group_id": "906cdf96-193f-4ad9-a844-f26cb6a544b3",
                            "tenant_id": "b220135d682541ec92eb37df270bddca"
                        },
                        "meta": {},
                        "tainted": false
                    },
                    "deposed": [],
                    "provider": "provider.openstack"
                },
                "openstack_networking_secgroup_rule_v2.69bda1a1-67d2-4999-b14a-573ead46073c": {
                    "type": "openstack_networking_secgroup_rule_v2",
                    "depends_on": [
                        "openstack_networking_secgroup_v2.public-ssh"
                    ],
                    "primary": {
                        "id": "927a8761-bcad-48e4-8269-bd50c3995dd4",
                        "attributes": {
                            "direction": "ingress",
                            "ethertype": "IPv6",
                            "id": "927a8761-bcad-48e4-8269-bd50c3995dd4",
                            "port_range_max": "22",
                            "port_range_min": "22",
                            "protocol": "tcp",
                            "region": "Freiburg",
                            "remote_group_id": "",
                            "remote_ip_prefix": "",
                            "security_group_id": "dcdd81bf-3552-4279-8e80-51b506555628",
                            "tenant_id": "b220135d682541ec92eb37df270bddca"
                        },
                        "meta": {
                            "e2bfb730-ecaa-11e6-8f88-34363bc7c4c0": {
                                "delete": 600000000000
                            }
                        },
                        "tainted": false
                    },
                    "deposed": [],
                    "provider": "provider.openstack"
                },
                "openstack_networking_secgroup_rule_v2.717d8793-cfe6-4769-953f-278c49daf158": {
                    "type": "openstack_networking_secgroup_rule_v2",
                    "depends_on": [],
                    "primary": {
                        "id": "717d8793-cfe6-4769-953f-278c49daf158",
                        "attributes": {
                            "direction": "egress",
                            "ethertype": "IPv6",
                            "id": "717d8793-cfe6-4769-953f-278c49daf158",
                            "port_range_max": "0",
                            "port_range_min": "0",
                            "protocol": "",
                            "region": "Freiburg",
                            "remote_group_id": "",
                            "remote_ip_prefix": "",
                            "security_group_id": "dd470f4c-db50-44ca-8cf9-ffa3f626011c",
                            "tenant_id": "b220135d682541ec92eb37df270bddca"
                        },
                        "meta": {},
                        "tainted": false
                    },
                    "deposed": [],
                    "provider": "provider.openstack"
                },
                "openstack_networking_secgroup_rule_v2.7321459b-815a-4f0c-a5fd-5740f0c4da1c": {
                    "type": "openstack_networking_secgroup_rule_v2",
                    "depends_on": [],
                    "primary": {
                        "id": "7321459b-815a-4f0c-a5fd-5740f0c4da1c",
                        "attributes": {
                            "direction": "ingress",
                            "ethertype": "IPv4",
                            "id": "7321459b-815a-4f0c-a5fd-5740f0c4da1c",
                            "port_range_max": "8086",
                            "port_range_min": "8086",
                            "protocol": "tcp",
                            "region": "Freiburg",
                            "remote_group_id": "",
                            "remote_ip_prefix": "0.0.0.0/0",
                            "security_group_id": "2d58330a-1ae4-4ade-bc4f-8a812b9952cb",
                            "tenant_id": "b220135d682541ec92eb37df270bddca"
                        },
                        "meta": {},
                        "tainted": false
                    },
                    "deposed": [],
                    "provider": "provider.openstack"
                },
                "openstack_networking_secgroup_rule_v2.8187fcad-1b68-464a-930f-9e2bec65af25": {
                    "type": "openstack_networking_secgroup_rule_v2",
                    "depends_on": [],
                    "primary": {
                        "id": "8187fcad-1b68-464a-930f-9e2bec65af25",
                        "attributes": {
                            "direction": "egress",
                            "ethertype": "IPv6",
                            "id": "8187fcad-1b68-464a-930f-9e2bec65af25",
                            "port_range_max": "0",
                            "port_range_min": "0",
                            "protocol": "",
                            "region": "Freiburg",
                            "remote_group_id": "",
                            "remote_ip_prefix": "",
                            "security_group_id": "85495128-f3ab-4b37-a948-7f7851a823c5",
                            "tenant_id": "b220135d682541ec92eb37df270bddca"
                        },
                        "meta": {},
                        "tainted": false
                    },
                    "deposed": [],
                    "provider": "provider.openstack"
                },
                "openstack_networking_secgroup_rule_v2.81cece52-6293-47de-8bc2-502e16efa9dc": {
                    "type": "openstack_networking_secgroup_rule_v2",
                    "depends_on": [],
                    "primary": {
                        "id": "81cece52-6293-47de-8bc2-502e16efa9dc",
                        "attributes": {
                            "direction": "egress",
                            "ethertype": "IPv6",
                            "id": "81cece52-6293-47de-8bc2-502e16efa9dc",
                            "port_range_max": "0",
                            "port_range_min": "0",
                            "protocol": "",
                            "region": "Freiburg",
                            "remote_group_id": "",
                            "remote_ip_prefix": "",
                            "security_group_id": "d7da087d-70c6-4ec5-844a-e2f948705665",
                            "tenant_id": "b220135d682541ec92eb37df270bddca"
                        },
                        "meta": {},
                        "tainted": false
                    },
                    "deposed": [],
                    "provider": "provider.openstack"
                },
                "openstack_networking_secgroup_rule_v2.83c664a8-ea59-4751-9002-2b41e9b16562": {
                    "type": "openstack_networking_secgroup_rule_v2",
                    "depends_on": [],
                    "primary": {
                        "id": "83c664a8-ea59-4751-9002-2b41e9b16562",
                        "attributes": {
                            "direction": "ingress",
                            "ethertype": "IPv4",
                            "id": "83c664a8-ea59-4751-9002-2b41e9b16562",
                            "port_range_max": "22",
                            "port_range_min": "22",
                            "protocol": "tcp",
                            "region": "Freiburg",
                            "remote_group_id": "",
                            "remote_ip_prefix": "192.52.2.0/24",
                            "security_group_id": "33d3706b-6845-40cf-a215-e3dac6477068",
                            "tenant_id": "b220135d682541ec92eb37df270bddca"
                        },
                        "meta": {},
                        "tainted": false
                    },
                    "deposed": [],
                    "provider": "provider.openstack"
                },
                "openstack_networking_secgroup_rule_v2.8bbbf949-a3d5-4a42-93ab-9c0cf27e9ea4": {
                    "type": "openstack_networking_secgroup_rule_v2",
                    "depends_on": [],
                    "primary": {
                        "id": "8bbbf949-a3d5-4a42-93ab-9c0cf27e9ea4",
                        "attributes": {
                            "direction": "ingress",
                            "ethertype": "IPv4",
                            "id": "8bbbf949-a3d5-4a42-93ab-9c0cf27e9ea4",
                            "port_range_max": "0",
                            "port_range_min": "0",
                            "protocol": "",
                            "region": "Freiburg",
                            "remote_group_id": "1589c5ba-e231-4c9e-bd3b-bc485609c11a",
                            "remote_ip_prefix": "",
                            "security_group_id": "1589c5ba-e231-4c9e-bd3b-bc485609c11a",
                            "tenant_id": "b220135d682541ec92eb37df270bddca"
                        },
                        "meta": {},
                        "tainted": false
                    },
                    "deposed": [],
                    "provider": "provider.openstack"
                },
                "openstack_networking_secgroup_rule_v2.8e314a85-7128-441a-90cb-eda3bac5ea1e": {
                    "type": "openstack_networking_secgroup_rule_v2",
                    "depends_on": [],
                    "primary": {
                        "id": "8e314a85-7128-441a-90cb-eda3bac5ea1e",
                        "attributes": {
                            "direction": "egress",
                            "ethertype": "IPv4",
                            "id": "8e314a85-7128-441a-90cb-eda3bac5ea1e",
                            "port_range_max": "0",
                            "port_range_min": "0",
                            "protocol": "",
                            "region": "Freiburg",
                            "remote_group_id": "",
                            "remote_ip_prefix": "",
                            "security_group_id": "7f31a707-15be-4f48-9c75-d0bfff720b8d",
                            "tenant_id": "b220135d682541ec92eb37df270bddca"
                        },
                        "meta": {},
                        "tainted": false
                    },
                    "deposed": [],
                    "provider": "provider.openstack"
                },
                "openstack_networking_secgroup_rule_v2.948d57bc-6b77-4d6b-96c1-0ed1564c1aaf": {
                    "type": "openstack_networking_secgroup_rule_v2",
                    "depends_on": [],
                    "primary": {
                        "id": "948d57bc-6b77-4d6b-96c1-0ed1564c1aaf",
                        "attributes": {
                            "direction": "egress",
                            "ethertype": "IPv4",
                            "id": "948d57bc-6b77-4d6b-96c1-0ed1564c1aaf",
                            "port_range_max": "0",
                            "port_range_min": "0",
                            "protocol": "",
                            "region": "Freiburg",
                            "remote_group_id": "",
                            "remote_ip_prefix": "",
                            "security_group_id": "85495128-f3ab-4b37-a948-7f7851a823c5",
                            "tenant_id": "b220135d682541ec92eb37df270bddca"
                        },
                        "meta": {},
                        "tainted": false
                    },
                    "deposed": [],
                    "provider": "provider.openstack"
                },
                "openstack_networking_secgroup_rule_v2.9725f501-278c-4286-9cae-3ec20d89c724": {
                    "type": "openstack_networking_secgroup_rule_v2",
                    "depends_on": [],
                    "primary": {
                        "id": "9725f501-278c-4286-9cae-3ec20d89c724",
                        "attributes": {
                            "direction": "ingress",
                            "ethertype": "IPv4",
                            "id": "9725f501-278c-4286-9cae-3ec20d89c724",
                            "port_range_max": "0",
                            "port_range_min": "0",
                            "protocol": "",
                            "region": "Freiburg",
                            "remote_group_id": "",
                            "remote_ip_prefix": "192.52.2.0/24",
                            "security_group_id": "dc8441e5-a0d4-4ae4-b36b-8ade9676eee8",
                            "tenant_id": "b220135d682541ec92eb37df270bddca"
                        },
                        "meta": {},
                        "tainted": false
                    },
                    "deposed": [],
                    "provider": "provider.openstack"
                },
                "openstack_networking_secgroup_rule_v2.a7cbadeb-926b-46cf-9cb5-83203f1765aa": {
                    "type": "openstack_networking_secgroup_rule_v2",
                    "depends_on": [],
                    "primary": {
                        "id": "a7cbadeb-926b-46cf-9cb5-83203f1765aa",
                        "attributes": {
                            "direction": "ingress",
                            "ethertype": "IPv4",
                            "id": "a7cbadeb-926b-46cf-9cb5-83203f1765aa",
                            "port_range_max": "0",
                            "port_range_min": "0",
                            "protocol": "",
                            "region": "Freiburg",
                            "remote_group_id": "",
                            "remote_ip_prefix": "",
                            "security_group_id": "13cdd7d7-92ea-40cc-ab09-d21c528df56a",
                            "tenant_id": "b220135d682541ec92eb37df270bddca"
                        },
                        "meta": {},
                        "tainted": false
                    },
                    "deposed": [],
                    "provider": "provider.openstack"
                },
                "openstack_networking_secgroup_rule_v2.aa57e62d-6644-40fb-ad6f-05b50e14bb54": {
                    "type": "openstack_networking_secgroup_rule_v2",
                    "depends_on": [],
                    "primary": {
                        "id": "aa57e62d-6644-40fb-ad6f-05b50e14bb54",
                        "attributes": {
                            "direction": "ingress",
                            "ethertype": "IPv4",
                            "id": "aa57e62d-6644-40fb-ad6f-05b50e14bb54",
                            "port_range_max": "22",
                            "port_range_min": "22",
                            "protocol": "tcp",
                            "region": "Freiburg",
                            "remote_group_id": "",
                            "remote_ip_prefix": "0.0.0.0/0",
                            "security_group_id": "dcdd81bf-3552-4279-8e80-51b506555628",
                            "tenant_id": "b220135d682541ec92eb37df270bddca"
                        },
                        "meta": {},
                        "tainted": false
                    },
                    "deposed": [],
                    "provider": "provider.openstack"
                },
                "openstack_networking_secgroup_rule_v2.ad7d43ac-e4de-4b82-b03f-44e89a32edaf": {
                    "type": "openstack_networking_secgroup_rule_v2",
                    "depends_on": [],
                    "primary": {
                        "id": "ad7d43ac-e4de-4b82-b03f-44e89a32edaf",
                        "attributes": {
                            "direction": "ingress",
                            "ethertype": "IPv4",
                            "id": "ad7d43ac-e4de-4b82-b03f-44e89a32edaf",
                            "port_range_max": "0",
                            "port_range_min": "0",
                            "protocol": "icmp",
                            "region": "Freiburg",
                            "remote_group_id": "",
                            "remote_ip_prefix": "0.0.0.0/0",
                            "security_group_id": "1589c5ba-e231-4c9e-bd3b-bc485609c11a",
                            "tenant_id": "b220135d682541ec92eb37df270bddca"
                        },
                        "meta": {},
                        "tainted": false
                    },
                    "deposed": [],
                    "provider": "provider.openstack"
                },
                "openstack_networking_secgroup_rule_v2.b650820a-0a7e-4ba8-ba2b-f14656b9388d": {
                    "type": "openstack_networking_secgroup_rule_v2",
                    "depends_on": [],
                    "primary": {
                        "id": "b650820a-0a7e-4ba8-ba2b-f14656b9388d",
                        "attributes": {
                            "direction": "ingress",
                            "ethertype": "IPv4",
                            "id": "b650820a-0a7e-4ba8-ba2b-f14656b9388d",
                            "port_range_max": "0",
                            "port_range_min": "0",
                            "protocol": "icmp",
                            "region": "Freiburg",
                            "remote_group_id": "",
                            "remote_ip_prefix": "0.0.0.0/0",
                            "security_group_id": "9006f977-6d63-4be8-9867-2d7b3726fec5",
                            "tenant_id": "b220135d682541ec92eb37df270bddca"
                        },
                        "meta": {},
                        "tainted": false
                    },
                    "deposed": [],
                    "provider": "provider.openstack"
                },
                "openstack_networking_secgroup_rule_v2.c1b291ec-0147-4022-bcae-0af6cb390f78": {
                    "type": "openstack_networking_secgroup_rule_v2",
                    "depends_on": [],
                    "primary": {
                        "id": "c1b291ec-0147-4022-bcae-0af6cb390f78",
                        "attributes": {
                            "direction": "egress",
                            "ethertype": "IPv4",
                            "id": "c1b291ec-0147-4022-bcae-0af6cb390f78",
                            "port_range_max": "0",
                            "port_range_min": "0",
                            "protocol": "",
                            "region": "Freiburg",
                            "remote_group_id": "",
                            "remote_ip_prefix": "",
                            "security_group_id": "d7da087d-70c6-4ec5-844a-e2f948705665",
                            "tenant_id": "b220135d682541ec92eb37df270bddca"
                        },
                        "meta": {},
                        "tainted": false
                    },
                    "deposed": [],
                    "provider": "provider.openstack"
                },
                "openstack_networking_secgroup_rule_v2.c1c92735-3199-42f6-bd0d-d5bc41026769": {
                    "type": "openstack_networking_secgroup_rule_v2",
                    "depends_on": [],
                    "primary": {
                        "id": "c1c92735-3199-42f6-bd0d-d5bc41026769",
                        "attributes": {
                            "direction": "ingress",
                            "ethertype": "IPv4",
                            "id": "c1c92735-3199-42f6-bd0d-d5bc41026769",
                            "port_range_max": "0",
                            "port_range_min": "0",
                            "protocol": "",
                            "region": "Freiburg",
                            "remote_group_id": "",
                            "remote_ip_prefix": "192.52.3.0/24",
                            "security_group_id": "dd470f4c-db50-44ca-8cf9-ffa3f626011c",
                            "tenant_id": "b220135d682541ec92eb37df270bddca"
                        },
                        "meta": {},
                        "tainted": false
                    },
                    "deposed": [],
                    "provider": "provider.openstack"
                },
                "openstack_networking_secgroup_rule_v2.c48fef49-3f64-44d6-86d1-7f0e09548569": {
                    "type": "openstack_networking_secgroup_rule_v2",
                    "depends_on": [],
                    "primary": {
                        "id": "c48fef49-3f64-44d6-86d1-7f0e09548569",
                        "attributes": {
                            "direction": "egress",
                            "ethertype": "IPv6",
                            "id": "c48fef49-3f64-44d6-86d1-7f0e09548569",
                            "port_range_max": "0",
                            "port_range_min": "0",
                            "protocol": "",
                            "region": "Freiburg",
                            "remote_group_id": "",
                            "remote_ip_prefix": "",
                            "security_group_id": "d034ebc3-35df-4ada-b6b2-97691a67db01",
                            "tenant_id": "b220135d682541ec92eb37df270bddca"
                        },
                        "meta": {},
                        "tainted": false
                    },
                    "deposed": [],
                    "provider": "provider.openstack"
                },
                "openstack_networking_secgroup_rule_v2.d84efe41-ffc6-42b2-85f2-3068f468349e": {
                    "type": "openstack_networking_secgroup_rule_v2",
                    "depends_on": [],
                    "primary": {
                        "id": "d84efe41-ffc6-42b2-85f2-3068f468349e",
                        "attributes": {
                            "direction": "ingress",
                            "ethertype": "IPv4",
                            "id": "d84efe41-ffc6-42b2-85f2-3068f468349e",
                            "port_range_max": "22",
                            "port_range_min": "22",
                            "protocol": "tcp",
                            "region": "Freiburg",
                            "remote_group_id": "",
                            "remote_ip_prefix": "0.0.0.0/0",
                            "security_group_id": "d034ebc3-35df-4ada-b6b2-97691a67db01",
                            "tenant_id": "b220135d682541ec92eb37df270bddca"
                        },
                        "meta": {},
                        "tainted": false
                    },
                    "deposed": [],
                    "provider": "provider.openstack"
                },
                "openstack_networking_secgroup_rule_v2.da697705-5849-492a-902e-b62f4e9a8377": {
                    "type": "openstack_networking_secgroup_rule_v2",
                    "depends_on": [],
                    "primary": {
                        "id": "da697705-5849-492a-902e-b62f4e9a8377",
                        "attributes": {
                            "direction": "ingress",
                            "ethertype": "IPv4",
                            "id": "da697705-5849-492a-902e-b62f4e9a8377",
                            "port_range_max": "22",
                            "port_range_min": "22",
                            "protocol": "tcp",
                            "region": "Freiburg",
                            "remote_group_id": "",
                            "remote_ip_prefix": "0.0.0.0/0",
                            "security_group_id": "d7da087d-70c6-4ec5-844a-e2f948705665",
                            "tenant_id": "b220135d682541ec92eb37df270bddca"
                        },
                        "meta": {},
                        "tainted": false
                    },
                    "deposed": [],
                    "provider": "provider.openstack"
                },
                "openstack_networking_secgroup_rule_v2.de4ad9ea-9ee4-4a8c-88ee-cc14410ebada": {
                    "type": "openstack_networking_secgroup_rule_v2",
                    "depends_on": [],
                    "primary": {
                        "id": "de4ad9ea-9ee4-4a8c-88ee-cc14410ebada",
                        "attributes": {
                            "direction": "ingress",
                            "ethertype": "IPv4",
                            "id": "de4ad9ea-9ee4-4a8c-88ee-cc14410ebada",
                            "port_range_max": "0",
                            "port_range_min": "0",
                            "protocol": "",
                            "region": "Freiburg",
                            "remote_group_id": "",
                            "remote_ip_prefix": "132.230.0.0/16",
                            "security_group_id": "dc8441e5-a0d4-4ae4-b36b-8ade9676eee8",
                            "tenant_id": "b220135d682541ec92eb37df270bddca"
                        },
                        "meta": {},
                        "tainted": false
                    },
                    "deposed": [],
                    "provider": "provider.openstack"
                },
                "openstack_networking_secgroup_rule_v2.e01d7f4e-367e-453f-b716-3dca578d669d": {
                    "type": "openstack_networking_secgroup_rule_v2",
                    "depends_on": [],
                    "primary": {
                        "id": "e01d7f4e-367e-453f-b716-3dca578d669d",
                        "attributes": {
                            "direction": "ingress",
                            "ethertype": "IPv4",
                            "id": "e01d7f4e-367e-453f-b716-3dca578d669d",
                            "port_range_max": "80",
                            "port_range_min": "80",
                            "protocol": "tcp",
                            "region": "Freiburg",
                            "remote_group_id": "",
                            "remote_ip_prefix": "0.0.0.0/0",
                            "security_group_id": "d7da087d-70c6-4ec5-844a-e2f948705665",
                            "tenant_id": "b220135d682541ec92eb37df270bddca"
                        },
                        "meta": {},
                        "tainted": false
                    },
                    "deposed": [],
                    "provider": "provider.openstack"
                },
                "openstack_networking_secgroup_rule_v2.e0616720-09c1-45cc-aa66-9850665432c5": {
                    "type": "openstack_networking_secgroup_rule_v2",
                    "depends_on": [],
                    "primary": {
                        "id": "e0616720-09c1-45cc-aa66-9850665432c5",
                        "attributes": {
                            "direction": "egress",
                            "ethertype": "IPv4",
                            "id": "e0616720-09c1-45cc-aa66-9850665432c5",
                            "port_range_max": "0",
                            "port_range_min": "0",
                            "protocol": "",
                            "region": "Freiburg",
                            "remote_group_id": "",
                            "remote_ip_prefix": "",
                            "security_group_id": "d034ebc3-35df-4ada-b6b2-97691a67db01",
                            "tenant_id": "b220135d682541ec92eb37df270bddca"
                        },
                        "meta": {},
                        "tainted": false
                    },
                    "deposed": [],
                    "provider": "provider.openstack"
                },
                "openstack_networking_secgroup_rule_v2.e79fa4e2-bca0-42b4-b864-67e6a750dbe8": {
                    "type": "openstack_networking_secgroup_rule_v2",
                    "depends_on": [],
                    "primary": {
                        "id": "e79fa4e2-bca0-42b4-b864-67e6a750dbe8",
                        "attributes": {
                            "direction": "ingress",
                            "ethertype": "IPv4",
                            "id": "e79fa4e2-bca0-42b4-b864-67e6a750dbe8",
                            "port_range_max": "65535",
                            "port_range_min": "1",
                            "protocol": "tcp",
                            "region": "Freiburg",
                            "remote_group_id": "",
                            "remote_ip_prefix": "0.0.0.0/0",
                            "security_group_id": "d7da087d-70c6-4ec5-844a-e2f948705665",
                            "tenant_id": "b220135d682541ec92eb37df270bddca"
                        },
                        "meta": {},
                        "tainted": false
                    },
                    "deposed": [],
                    "provider": "provider.openstack"
                },
                "openstack_networking_secgroup_rule_v2.e9412f41-727b-4ef1-a8ba-d465dec63910": {
                    "type": "openstack_networking_secgroup_rule_v2",
                    "depends_on": [],
                    "primary": {
                        "id": "e9412f41-727b-4ef1-a8ba-d465dec63910",
                        "attributes": {
                            "direction": "egress",
                            "ethertype": "IPv4",
                            "id": "e9412f41-727b-4ef1-a8ba-d465dec63910",
                            "port_range_max": "0",
                            "port_range_min": "0",
                            "protocol": "",
                            "region": "Freiburg",
                            "remote_group_id": "",
                            "remote_ip_prefix": "",
                            "security_group_id": "1589c5ba-e231-4c9e-bd3b-bc485609c11a",
                            "tenant_id": "b220135d682541ec92eb37df270bddca"
                        },
                        "meta": {},
                        "tainted": false
                    },
                    "deposed": [],
                    "provider": "provider.openstack"
                },
                "openstack_networking_secgroup_rule_v2.ee64a152-317d-44cc-94a0-9b1da54bd2c7": {
                    "type": "openstack_networking_secgroup_rule_v2",
                    "depends_on": [],
                    "primary": {
                        "id": "ee64a152-317d-44cc-94a0-9b1da54bd2c7",
                        "attributes": {
                            "direction": "ingress",
                            "ethertype": "IPv4",
                            "id": "ee64a152-317d-44cc-94a0-9b1da54bd2c7",
                            "port_range_max": "0",
                            "port_range_min": "0",
                            "protocol": "",
                            "region": "Freiburg",
                            "remote_group_id": "",
                            "remote_ip_prefix": "132.230.0.0/16",
                            "security_group_id": "dd470f4c-db50-44ca-8cf9-ffa3f626011c",
                            "tenant_id": "b220135d682541ec92eb37df270bddca"
                        },
                        "meta": {},
                        "tainted": false
                    },
                    "deposed": [],
                    "provider": "provider.openstack"
                },
                "openstack_networking_secgroup_rule_v2.ef536597-385f-45b1-8895-f0553595c8fb": {
                    "type": "openstack_networking_secgroup_rule_v2",
                    "depends_on": [],
                    "primary": {
                        "id": "ef536597-385f-45b1-8895-f0553595c8fb",
                        "attributes": {
                            "direction": "ingress",
                            "ethertype": "IPv4",
                            "id": "ef536597-385f-45b1-8895-f0553595c8fb",
                            "port_range_max": "443",
                            "port_range_min": "443",
                            "protocol": "tcp",
                            "region": "Freiburg",
                            "remote_group_id": "",
                            "remote_ip_prefix": "0.0.0.0/0",
                            "security_group_id": "5d677264-7b81-4ac6-a860-d1f123bc7860",
                            "tenant_id": "b220135d682541ec92eb37df270bddca"
                        },
                        "meta": {},
                        "tainted": false
                    },
                    "deposed": [],
                    "provider": "provider.openstack"
                },
                "openstack_networking_secgroup_rule_v2.ef536597-385f-45b1-8895-f0553595c8fz": {
                    "type": "openstack_networking_secgroup_rule_v2",
                    "depends_on": [
                        "openstack_networking_secgroup_v2.public-web"
                    ],
                    "primary": {
                        "id": "42e12b66-bf34-4898-b63e-209f5d7c8670",
                        "attributes": {
                            "direction": "ingress",
                            "ethertype": "IPv6",
                            "id": "42e12b66-bf34-4898-b63e-209f5d7c8670",
                            "port_range_max": "443",
                            "port_range_min": "443",
                            "protocol": "tcp",
                            "region": "Freiburg",
                            "remote_group_id": "",
                            "remote_ip_prefix": "",
                            "security_group_id": "5d677264-7b81-4ac6-a860-d1f123bc7860",
                            "tenant_id": "b220135d682541ec92eb37df270bddca"
                        },
                        "meta": {
                            "e2bfb730-ecaa-11e6-8f88-34363bc7c4c0": {
                                "delete": 600000000000
                            }
                        },
                        "tainted": false
                    },
                    "deposed": [],
                    "provider": "provider.openstack"
                },
                "openstack_networking_secgroup_rule_v2.f01c6f64-3315-4ef1-8911-cf77f14ff07b": {
                    "type": "openstack_networking_secgroup_rule_v2",
                    "depends_on": [],
                    "primary": {
                        "id": "f01c6f64-3315-4ef1-8911-cf77f14ff07b",
                        "attributes": {
                            "direction": "ingress",
                            "ethertype": "IPv4",
                            "id": "f01c6f64-3315-4ef1-8911-cf77f14ff07b",
                            "port_range_max": "0",
                            "port_range_min": "0",
                            "protocol": "",
                            "region": "Freiburg",
                            "remote_group_id": "",
                            "remote_ip_prefix": "10.0.0.0/8",
                            "security_group_id": "dd470f4c-db50-44ca-8cf9-ffa3f626011c",
                            "tenant_id": "b220135d682541ec92eb37df270bddca"
                        },
                        "meta": {},
                        "tainted": false
                    },
                    "deposed": [],
                    "provider": "provider.openstack"
                },
                "openstack_networking_secgroup_rule_v2.f439304c-6258-42de-824c-293ac6b7729c": {
                    "type": "openstack_networking_secgroup_rule_v2",
                    "depends_on": [],
                    "primary": {
                        "id": "f439304c-6258-42de-824c-293ac6b7729c",
                        "attributes": {
                            "direction": "ingress",
                            "ethertype": "IPv4",
                            "id": "f439304c-6258-42de-824c-293ac6b7729c",
                            "port_range_max": "22",
                            "port_range_min": "22",
                            "protocol": "tcp",
                            "region": "Freiburg",
                            "remote_group_id": "",
                            "remote_ip_prefix": "192.52.3.0/24",
                            "security_group_id": "33d3706b-6845-40cf-a215-e3dac6477068",
                            "tenant_id": "b220135d682541ec92eb37df270bddca"
                        },
                        "meta": {},
                        "tainted": false
                    },
                    "deposed": [],
                    "provider": "provider.openstack"
                },
                "openstack_networking_secgroup_rule_v2.f5f2ec12-e90f-469c-810d-c6689269bd41": {
                    "type": "openstack_networking_secgroup_rule_v2",
                    "depends_on": [],
                    "primary": {
                        "id": "f5f2ec12-e90f-469c-810d-c6689269bd41",
                        "attributes": {
                            "direction": "ingress",
                            "ethertype": "IPv6",
                            "id": "f5f2ec12-e90f-469c-810d-c6689269bd41",
                            "port_range_max": "0",
                            "port_range_min": "0",
                            "protocol": "",
                            "region": "Freiburg",
                            "remote_group_id": "1589c5ba-e231-4c9e-bd3b-bc485609c11a",
                            "remote_ip_prefix": "",
                            "security_group_id": "1589c5ba-e231-4c9e-bd3b-bc485609c11a",
                            "tenant_id": "b220135d682541ec92eb37df270bddca"
                        },
                        "meta": {},
                        "tainted": false
                    },
                    "deposed": [],
                    "provider": "provider.openstack"
                },
                "openstack_networking_secgroup_rule_v2.fb24ccbf-025a-494f-b632-62e107e12ae1": {
                    "type": "openstack_networking_secgroup_rule_v2",
                    "depends_on": [],
                    "primary": {
                        "id": "fb24ccbf-025a-494f-b632-62e107e12ae1",
                        "attributes": {
                            "direction": "ingress",
                            "ethertype": "IPv6",
                            "id": "fb24ccbf-025a-494f-b632-62e107e12ae1",
                            "port_range_max": "0",
                            "port_range_min": "0",
                            "protocol": "",
                            "region": "Freiburg",
                            "remote_group_id": "",
                            "remote_ip_prefix": "",
                            "security_group_id": "13cdd7d7-92ea-40cc-ab09-d21c528df56a",
                            "tenant_id": "b220135d682541ec92eb37df270bddca"
                        },
                        "meta": {},
                        "tainted": false
                    },
                    "deposed": [],
                    "provider": "provider.openstack"
                },
                "openstack_networking_secgroup_v2.Gilsbach_webserver": {
                    "type": "openstack_networking_secgroup_v2",
                    "depends_on": [],
                    "primary": {
                        "id": "906cdf96-193f-4ad9-a844-f26cb6a544b3",
                        "attributes": {
                            "description": "Open port 8080 and 8081.",
                            "id": "906cdf96-193f-4ad9-a844-f26cb6a544b3",
                            "name": "Gilsbach webserver",
                            "region": "Freiburg",
                            "tenant_id": "b220135d682541ec92eb37df270bddca"
                        },
                        "meta": {},
                        "tainted": false
                    },
                    "deposed": [],
                    "provider": "provider.openstack"
                },
                "openstack_networking_secgroup_v2.Public": {
                    "type": "openstack_networking_secgroup_v2",
                    "depends_on": [],
                    "primary": {
                        "id": "d7da087d-70c6-4ec5-844a-e2f948705665",
                        "attributes": {
                            "description": "",
                            "id": "d7da087d-70c6-4ec5-844a-e2f948705665",
                            "name": "Public",
                            "region": "Freiburg",
                            "tenant_id": "b220135d682541ec92eb37df270bddca"
                        },
                        "meta": {},
                        "tainted": false
                    },
                    "deposed": [],
                    "provider": "provider.openstack"
                },
                "openstack_networking_secgroup_v2.default": {
                    "type": "openstack_networking_secgroup_v2",
                    "depends_on": [],
                    "primary": {
                        "id": "1589c5ba-e231-4c9e-bd3b-bc485609c11a",
                        "attributes": {
                            "description": "Default security group",
                            "id": "1589c5ba-e231-4c9e-bd3b-bc485609c11a",
                            "name": "default",
                            "region": "Freiburg",
                            "tenant_id": "b220135d682541ec92eb37df270bddca"
                        },
                        "meta": {},
                        "tainted": false
                    },
                    "deposed": [],
                    "provider": "provider.openstack"
                },
                "openstack_networking_secgroup_v2.egress": {
                    "type": "openstack_networking_secgroup_v2",
                    "depends_on": [],
                    "primary": {
                        "id": "917b5685-8bd8-4d7c-8ece-bc3194a4cc13",
                        "attributes": {
                            "description": "Default egress profile",
                            "id": "917b5685-8bd8-4d7c-8ece-bc3194a4cc13",
                            "name": "egress",
                            "region": "Freiburg",
                            "tenant_id": "b220135d682541ec92eb37df270bddca"
                        },
                        "meta": {},
                        "tainted": false
                    },
                    "deposed": [],
                    "provider": "provider.openstack"
                },
                "openstack_networking_secgroup_v2.egress-public": {
                    "type": "openstack_networking_secgroup_v2",
                    "depends_on": [],
                    "primary": {
                        "id": "85495128-f3ab-4b37-a948-7f7851a823c5",
                        "attributes": {
                            "description": "Allow any outgoing connection",
                            "id": "85495128-f3ab-4b37-a948-7f7851a823c5",
                            "name": "egress-public",
                            "region": "Freiburg",
                            "tenant_id": "b220135d682541ec92eb37df270bddca"
                        },
                        "meta": {},
                        "tainted": false
                    },
                    "deposed": [],
                    "provider": "provider.openstack"
                },
                "openstack_networking_secgroup_v2.ingress-public": {
                    "type": "openstack_networking_secgroup_v2",
                    "depends_on": [],
                    "primary": {
                        "id": "13cdd7d7-92ea-40cc-ab09-d21c528df56a",
                        "attributes": {
                            "description": "Allow any incoming connection",
                            "id": "13cdd7d7-92ea-40cc-ab09-d21c528df56a",
                            "name": "ingress-public",
                            "region": "Freiburg",
                            "tenant_id": "b220135d682541ec92eb37df270bddca"
                        },
                        "meta": {},
                        "tainted": false
                    },
                    "deposed": [],
                    "provider": "provider.openstack"
                },
                "openstack_networking_secgroup_v2.public-influxdb": {
                    "type": "openstack_networking_secgroup_v2",
                    "depends_on": [],
                    "primary": {
                        "id": "2d58330a-1ae4-4ade-bc4f-8a812b9952cb",
                        "attributes": {
                            "description": "[tf] Allow public HTTP(s) connections to port 8086",
                            "id": "2d58330a-1ae4-4ade-bc4f-8a812b9952cb",
                            "name": "public-influxdb",
                            "region": "Freiburg",
                            "tenant_id": "b220135d682541ec92eb37df270bddca"
                        },
                        "meta": {
                            "e2bfb730-ecaa-11e6-8f88-34363bc7c4c0": {
                                "delete": 600000000000
                            }
                        },
                        "tainted": false
                    },
                    "deposed": [],
                    "provider": "provider.openstack"
                },
                "openstack_networking_secgroup_v2.public-irc": {
                    "type": "openstack_networking_secgroup_v2",
                    "depends_on": [],
                    "primary": {
                        "id": "236f1f27-bb99-4c39-8bfc-6d40cf5a205d",
                        "attributes": {
                            "description": "[tf] Allow incoming IRC connections",
                            "id": "236f1f27-bb99-4c39-8bfc-6d40cf5a205d",
                            "name": "public-irc",
                            "region": "Freiburg",
                            "tenant_id": "b220135d682541ec92eb37df270bddca"
                        },
                        "meta": {
                            "e2bfb730-ecaa-11e6-8f88-34363bc7c4c0": {
                                "delete": 600000000000
                            }
                        },
                        "tainted": false
                    },
                    "deposed": [],
                    "provider": "provider.openstack"
                },
                "openstack_networking_secgroup_v2.public-mosh": {
                    "type": "openstack_networking_secgroup_v2",
                    "depends_on": [],
                    "primary": {
                        "id": "6c44efa0-b50c-4a63-ad03-054587dcabf5",
                        "attributes": {
                            "description": "[tf] Rules for mosh servers",
                            "id": "6c44efa0-b50c-4a63-ad03-054587dcabf5",
                            "name": "public-mosh",
                            "region": "Freiburg",
                            "tenant_id": "b220135d682541ec92eb37df270bddca"
                        },
                        "meta": {
                            "e2bfb730-ecaa-11e6-8f88-34363bc7c4c0": {
                                "delete": 600000000000
                            }
                        },
                        "tainted": false
                    },
                    "deposed": [],
                    "provider": "provider.openstack"
                },
                "openstack_networking_secgroup_v2.public-ping": {
                    "type": "openstack_networking_secgroup_v2",
                    "depends_on": [],
                    "primary": {
                        "id": "9006f977-6d63-4be8-9867-2d7b3726fec5",
                        "attributes": {
                            "description": "[tf] Allow pinging the node to the public",
                            "id": "9006f977-6d63-4be8-9867-2d7b3726fec5",
                            "name": "public-ping",
                            "region": "Freiburg",
                            "tenant_id": "b220135d682541ec92eb37df270bddca"
                        },
                        "meta": {
                            "e2bfb730-ecaa-11e6-8f88-34363bc7c4c0": {
                                "delete": 600000000000
                            }
                        },
                        "tainted": false
                    },
                    "deposed": [],
                    "provider": "provider.openstack"
                },
                "openstack_networking_secgroup_v2.public-ssh": {
                    "type": "openstack_networking_secgroup_v2",
                    "depends_on": [],
                    "primary": {
                        "id": "dcdd81bf-3552-4279-8e80-51b506555628",
                        "attributes": {
                            "description": "[tf] Allow SSH connections from anywhere",
                            "id": "dcdd81bf-3552-4279-8e80-51b506555628",
                            "name": "public-ssh",
                            "region": "Freiburg",
                            "tenant_id": "b220135d682541ec92eb37df270bddca"
                        },
                        "meta": {
                            "e2bfb730-ecaa-11e6-8f88-34363bc7c4c0": {
                                "delete": 600000000000
                            }
                        },
                        "tainted": false
                    },
                    "deposed": [],
                    "provider": "provider.openstack"
                },
                "openstack_networking_secgroup_v2.public-web": {
                    "type": "openstack_networking_secgroup_v2",
                    "depends_on": [],
                    "primary": {
                        "id": "5d677264-7b81-4ac6-a860-d1f123bc7860",
                        "attributes": {
                            "description": "[tf] Allow public HTTP + HTTPS connections",
                            "id": "5d677264-7b81-4ac6-a860-d1f123bc7860",
                            "name": "public-web",
                            "region": "Freiburg",
                            "tenant_id": "b220135d682541ec92eb37df270bddca"
                        },
                        "meta": {
                            "e2bfb730-ecaa-11e6-8f88-34363bc7c4c0": {
                                "delete": 600000000000
                            }
                        },
                        "tainted": false
                    },
                    "deposed": [],
                    "provider": "provider.openstack"
                },
                "openstack_networking_secgroup_v2.secgroup_1": {
                    "type": "openstack_networking_secgroup_v2",
                    "depends_on": [],
                    "primary": {
                        "id": "d034ebc3-35df-4ada-b6b2-97691a67db01",
                        "attributes": {
                            "description": "a security group",
                            "id": "d034ebc3-35df-4ada-b6b2-97691a67db01",
                            "name": "secgroup_1",
                            "region": "Freiburg",
                            "tenant_id": "b220135d682541ec92eb37df270bddca"
                        },
                        "meta": {},
                        "tainted": false
                    },
                    "deposed": [],
                    "provider": "provider.openstack"
                },
                "openstack_networking_secgroup_v2.ufr-ingress": {
                    "type": "openstack_networking_secgroup_v2",
                    "depends_on": [],
                    "primary": {
                        "id": "dc8441e5-a0d4-4ae4-b36b-8ade9676eee8",
                        "attributes": {
                            "description": "Ingress connections from any UFR networks",
                            "id": "dc8441e5-a0d4-4ae4-b36b-8ade9676eee8",
                            "name": "ufr-ingress",
                            "region": "Freiburg",
                            "tenant_id": "b220135d682541ec92eb37df270bddca"
                        },
                        "meta": {},
                        "tainted": false
                    },
                    "deposed": [],
                    "provider": "provider.openstack"
                },
                "openstack_networking_secgroup_v2.ufr-only-v2": {
                    "type": "openstack_networking_secgroup_v2",
                    "depends_on": [],
                    "primary": {
                        "id": "dd470f4c-db50-44ca-8cf9-ffa3f626011c",
                        "attributes": {
                            "description": "New ingress connections allowed only from UFR networks",
                            "id": "dd470f4c-db50-44ca-8cf9-ffa3f626011c",
                            "name": "ufr-only-v2",
                            "region": "Freiburg",
                            "tenant_id": "b220135d682541ec92eb37df270bddca"
                        },
                        "meta": {},
                        "tainted": false
                    },
                    "deposed": [],
                    "provider": "provider.openstack"
                },
                "openstack_networking_secgroup_v2.ufr-ssh": {
                    "type": "openstack_networking_secgroup_v2",
                    "depends_on": [],
                    "primary": {
                        "id": "33d3706b-6845-40cf-a215-e3dac6477068",
                        "attributes": {
                            "description": "Ingress SSH connections for UFR networks (e.g. combine with public-web/public-ping)",
                            "id": "33d3706b-6845-40cf-a215-e3dac6477068",
                            "name": "ufr-ssh",
                            "region": "Freiburg",
                            "tenant_id": "b220135d682541ec92eb37df270bddca"
                        },
                        "meta": {},
                        "tainted": false
                    },
                    "deposed": [],
                    "provider": "provider.openstack"
                },
                "openstack_networking_secgroup_v2.vgcn-egress-public": {
                    "type": "openstack_networking_secgroup_v2",
                    "depends_on": [],
                    "primary": {
                        "id": "7f31a707-15be-4f48-9c75-d0bfff720b8d",
                        "attributes": {
                            "description": "Allow any outgoing connection",
                            "id": "7f31a707-15be-4f48-9c75-d0bfff720b8d",
                            "name": "vgcn-egress-public",
                            "region": "Freiburg",
                            "tenant_id": "b220135d682541ec92eb37df270bddca"
                        },
                        "meta": {},
                        "tainted": false
                    },
                    "deposed": [],
                    "provider": "provider.openstack"
                },
                "openstack_networking_secgroup_v2.vgcn-ingress-public": {
                    "type": "openstack_networking_secgroup_v2",
                    "depends_on": [],
                    "primary": {
                        "id": "7c947011-65ae-4f1c-a6e7-010092843de8",
                        "attributes": {
                            "description": "Allow any incoming connection",
                            "id": "7c947011-65ae-4f1c-a6e7-010092843de8",
                            "name": "vgcn-ingress-public",
                            "region": "Freiburg",
                            "tenant_id": "b220135d682541ec92eb37df270bddca"
                        },
                        "meta": {},
                        "tainted": false
                    },
                    "deposed": [],
                    "provider": "provider.openstack"
                }
            },
            "depends_on": []
        }
    ]
}
