{
    "version": 3,
    "terraform_version": "0.11.7",
    "serial": 18,
    "lineage": "542fa36a-47aa-2f79-c342-36e39900582b",
    "modules": [
        {
            "path": [
                "root"
            ],
            "outputs": {},
            "resources": {
                "aws_route53_record.cm": {
                    "type": "aws_route53_record",
                    "depends_on": [
                        "openstack_compute_instance_v2.central-manager"
                    ],
                    "primary": {
                        "id": "Z3BOXJYLR7ZV7D_manager.vgcn.usegalaxy.eu_A",
                        "attributes": {
                            "allow_overwrite": "true",
                            "fqdn": "manager.vgcn.usegalaxy.eu",
                            "health_check_id": "",
                            "id": "Z3BOXJYLR7ZV7D_manager.vgcn.usegalaxy.eu_A",
                            "name": "manager.vgcn.usegalaxy.eu",
                            "records.#": "1",
                            "records.3330325647": "10.5.68.206",
                            "set_identifier": "",
                            "ttl": "300",
                            "type": "A",
                            "zone_id": "Z3BOXJYLR7ZV7D"
                        },
                        "meta": {
                            "schema_version": "2"
                        },
                        "tainted": false
                    },
                    "deposed": [],
                    "provider": "provider.aws"
                },
                "aws_route53_record.nfs-server": {
                    "type": "aws_route53_record",
                    "depends_on": [
                        "openstack_compute_instance_v2.nfs-server"
                    ],
                    "primary": {
                        "id": "Z3BOXJYLR7ZV7D_nfs.vgcn.usegalaxy.eu_A",
                        "attributes": {
                            "allow_overwrite": "true",
                            "fqdn": "nfs.vgcn.usegalaxy.eu",
                            "health_check_id": "",
                            "id": "Z3BOXJYLR7ZV7D_nfs.vgcn.usegalaxy.eu_A",
                            "name": "nfs.vgcn.usegalaxy.eu",
                            "records.#": "1",
                            "records.3253565590": "10.5.68.202",
                            "set_identifier": "",
                            "ttl": "300",
                            "type": "A",
                            "zone_id": "Z3BOXJYLR7ZV7D"
                        },
                        "meta": {
                            "schema_version": "2"
                        },
                        "tainted": false
                    },
                    "deposed": [],
                    "provider": "provider.aws"
                }
            },
            "depends_on": []
        }
    ]
}
