{
    "version": 3,
    "terraform_version": "0.11.7",
    "serial": 13,
    "lineage": "542fa36a-47aa-2f79-c342-36e39900582b",
    "modules": [
        {
            "path": [
                "root"
            ],
            "outputs": {
                "central-manager": {
                    "sensitive": false,
                    "type": "list",
                    "value": [
                        "192.52.32.29"
                    ]
                }
            },
            "resources": {
                "aws_route53_record.cm": {
                    "type": "aws_route53_record",
                    "depends_on": [
                        "openstack_compute_instance_v2.central-manager"
                    ],
                    "primary": {
                        "id": "Z3BOXJYLR7ZV7D_manager.vgcn.usegalaxy.eu_A",
                        "attributes": {
                            "allow_overwrite": "true",
                            "fqdn": "manager.vgcn.usegalaxy.eu",
                            "health_check_id": "",
                            "id": "Z3BOXJYLR7ZV7D_manager.vgcn.usegalaxy.eu_A",
                            "name": "manager.vgcn.usegalaxy.eu",
                            "records.#": "1",
                            "records.1916340834": "192.52.32.29",
                            "set_identifier": "",
                            "ttl": "300",
                            "type": "A",
                            "zone_id": "Z3BOXJYLR7ZV7D"
                        },
                        "meta": {
                            "schema_version": "2"
                        },
                        "tainted": false
                    },
                    "deposed": [],
                    "provider": "provider.aws"
                },
                "aws_route53_record.nfs-server": {
                    "type": "aws_route53_record",
                    "depends_on": [
                        "openstack_compute_instance_v2.nfs-server"
                    ],
                    "primary": {
                        "id": "Z3BOXJYLR7ZV7D_nfs.vgcn.usegalaxy.eu_A",
                        "attributes": {
                            "allow_overwrite": "true",
                            "fqdn": "nfs.vgcn.usegalaxy.eu",
                            "health_check_id": "",
                            "id": "Z3BOXJYLR7ZV7D_nfs.vgcn.usegalaxy.eu_A",
                            "name": "nfs.vgcn.usegalaxy.eu",
                            "records.#": "1",
                            "records.116961804": "192.52.32.75",
                            "set_identifier": "",
                            "ttl": "300",
                            "type": "A",
                            "zone_id": "Z3BOXJYLR7ZV7D"
                        },
                        "meta": {
                            "schema_version": "2"
                        },
                        "tainted": false
                    },
                    "deposed": [],
                    "provider": "provider.aws"
                },
                "openstack_compute_instance_v2.central-manager": {
                    "type": "openstack_compute_instance_v2",
                    "depends_on": [],
                    "primary": {
                        "id": "de32bd9c-74dd-42c1-9355-e33a05ee8708",
                        "attributes": {
                            "access_ip_v4": "192.52.32.29",
                            "access_ip_v6": "",
                            "all_metadata.%": "0",
                            "availability_zone": "nova",
                            "flavor_id": "a9a58bcf-29a3-47f4-b4c3-e71e40127833",
                            "flavor_name": "m1.tiny",
                            "force_delete": "false",
                            "id": "de32bd9c-74dd-42c1-9355-e33a05ee8708",
                            "image_id": "33b4e208-3ccb-42dc-a01a-9dac2e3a8f4d",
                            "image_name": "vggp-v30-j53-10f0f8b2c18d-asdf3",
                            "key_pair": "cloud2",
                            "name": "vgcn-central-manager.usegalaxy.eu",
                            "network.#": "1",
                            "network.0.access_network": "false",
                            "network.0.fixed_ip_v4": "192.52.32.29",
                            "network.0.fixed_ip_v6": "",
                            "network.0.floating_ip": "",
                            "network.0.mac": "fa:16:3e:9f:de:81",
                            "network.0.name": "public",
                            "network.0.port": "",
                            "network.0.uuid": "6a68b40c-356f-4d4c-95e9-e5c72855fb35",
                            "region": "Freiburg",
                            "security_groups.#": "2",
                            "security_groups.1024925103": "ufr-ssh",
                            "security_groups.3717909635": "public-ping",
                            "stop_before_destroy": "false",
                            "user_data": "d5910c15b039ea6798e8bef7475f548b8c433785"
                        },
                        "meta": {
                            "e2bfb730-ecaa-11e6-8f88-34363bc7c4c0": {
                                "create": 1800000000000,
                                "delete": 1800000000000,
                                "update": 1800000000000
                            }
                        },
                        "tainted": false
                    },
                    "deposed": [],
                    "provider": "provider.openstack"
                },
                "openstack_compute_instance_v2.m1-medium": {
                    "type": "openstack_compute_instance_v2",
                    "depends_on": [],
                    "primary": {
                        "id": "502529db-9183-4e89-a14a-4d7ff5fdc989",
                        "attributes": {
                            "access_ip_v4": "192.52.32.68",
                            "access_ip_v6": "",
                            "all_metadata.%": "0",
                            "availability_zone": "nova",
                            "flavor_id": "36c48d98-dfa6-428f-b4f5-e1803cb9500b",
                            "flavor_name": "m1.medium",
                            "force_delete": "false",
                            "id": "502529db-9183-4e89-a14a-4d7ff5fdc989",
                            "image_id": "33b4e208-3ccb-42dc-a01a-9dac2e3a8f4d",
                            "image_name": "vggp-v30-j53-10f0f8b2c18d-asdf3",
                            "key_pair": "cloud2",
                            "name": "vgcn-exec0-m1-.usegalaxy.eu",
                            "network.#": "1",
                            "network.0.access_network": "false",
                            "network.0.fixed_ip_v4": "192.52.32.68",
                            "network.0.fixed_ip_v6": "",
                            "network.0.floating_ip": "",
                            "network.0.mac": "fa:16:3e:c1:06:e5",
                            "network.0.name": "public",
                            "network.0.port": "",
                            "network.0.uuid": "6a68b40c-356f-4d4c-95e9-e5c72855fb35",
                            "region": "Freiburg",
                            "security_groups.#": "2",
                            "security_groups.1024925103": "ufr-ssh",
                            "security_groups.3717909635": "public-ping",
                            "stop_before_destroy": "false",
                            "user_data": "0f6f86e3425d453efb84f70a5267dc03c1a3aa02"
                        },
                        "meta": {
                            "e2bfb730-ecaa-11e6-8f88-34363bc7c4c0": {
                                "create": 1800000000000,
                                "delete": 1800000000000,
                                "update": 1800000000000
                            }
                        },
                        "tainted": false
                    },
                    "deposed": [],
                    "provider": "provider.openstack"
                },
                "openstack_compute_instance_v2.nfs-server": {
                    "type": "openstack_compute_instance_v2",
                    "depends_on": [],
                    "primary": {
                        "id": "69bcbd4b-316b-4944-b5cb-d21c6c854d2e",
                        "attributes": {
                            "access_ip_v4": "192.52.32.75",
                            "access_ip_v6": "",
                            "all_metadata.%": "0",
                            "availability_zone": "nova",
                            "flavor_id": "a9a58bcf-29a3-47f4-b4c3-e71e40127833",
                            "flavor_name": "m1.tiny",
                            "force_delete": "false",
                            "id": "69bcbd4b-316b-4944-b5cb-d21c6c854d2e",
                            "image_id": "33b4e208-3ccb-42dc-a01a-9dac2e3a8f4d",
                            "image_name": "vggp-v30-j53-10f0f8b2c18d-asdf3",
                            "key_pair": "cloud2",
                            "name": "vgcn-nfs.usegalaxy.eu",
                            "network.#": "1",
                            "network.0.access_network": "false",
                            "network.0.fixed_ip_v4": "192.52.32.75",
                            "network.0.fixed_ip_v6": "",
                            "network.0.floating_ip": "",
                            "network.0.mac": "fa:16:3e:3b:08:e1",
                            "network.0.name": "public",
                            "network.0.port": "",
                            "network.0.uuid": "6a68b40c-356f-4d4c-95e9-e5c72855fb35",
                            "region": "Freiburg",
                            "security_groups.#": "2",
                            "security_groups.1024925103": "ufr-ssh",
                            "security_groups.3717909635": "public-ping",
                            "stop_before_destroy": "false",
                            "user_data": "fd9cf86e80fd94bafa03dbbb9c0396cb963b21c8"
                        },
                        "meta": {
                            "e2bfb730-ecaa-11e6-8f88-34363bc7c4c0": {
                                "create": 1800000000000,
                                "delete": 1800000000000,
                                "update": 1800000000000
                            }
                        },
                        "tainted": false
                    },
                    "deposed": [],
                    "provider": "provider.openstack"
                }
            },
            "depends_on": []
        }
    ]
}
